// !$*UTF8*$!
{
	archiveVersion = 1;
	classes = {
	};
	objectVersion = 56;
	objects = {

/* Begin PBXBuildFile section */
		BC42364529DBE5BA00CB1DC0 /* AppDelegate.swift in Sources */ = {isa = PBXBuildFile; fileRef = BC42364429DBE5BA00CB1DC0 /* AppDelegate.swift */; };
		BC42364729DBE5BA00CB1DC0 /* SceneDelegate.swift in Sources */ = {isa = PBXBuildFile; fileRef = BC42364629DBE5BA00CB1DC0 /* SceneDelegate.swift */; };
		BC42364929DBE5BA00CB1DC0 /* ViewController.swift in Sources */ = {isa = PBXBuildFile; fileRef = BC42364829DBE5BA00CB1DC0 /* ViewController.swift */; };
		BC42364C29DBE5BA00CB1DC0 /* Main.storyboard in Resources */ = {isa = PBXBuildFile; fileRef = BC42364A29DBE5BA00CB1DC0 /* Main.storyboard */; };
		BC42364E29DBE5BB00CB1DC0 /* Assets.xcassets in Resources */ = {isa = PBXBuildFile; fileRef = BC42364D29DBE5BB00CB1DC0 /* Assets.xcassets */; };
		BC42365129DBE5BB00CB1DC0 /* LaunchScreen.storyboard in Resources */ = {isa = PBXBuildFile; fileRef = BC42364F29DBE5BB00CB1DC0 /* LaunchScreen.storyboard */; };
		BC4E505E29ED26D900C0AC9D /* Roboto-Light.ttf in Resources */ = {isa = PBXBuildFile; fileRef = BC4E505229ED26D800C0AC9D /* Roboto-Light.ttf */; };
		BC4E506329ED26D900C0AC9D /* Roboto-Regular.ttf in Resources */ = {isa = PBXBuildFile; fileRef = BC4E505729ED26D900C0AC9D /* Roboto-Regular.ttf */; };
		BC4E506429ED26D900C0AC9D /* Roboto-Italic.ttf in Resources */ = {isa = PBXBuildFile; fileRef = BC4E505829ED26D900C0AC9D /* Roboto-Italic.ttf */; };
		BC4E506529ED26D900C0AC9D /* Roboto-Bold.ttf in Resources */ = {isa = PBXBuildFile; fileRef = BC4E505929ED26D900C0AC9D /* Roboto-Bold.ttf */; };
		BC4E506829ED6E2400C0AC9D /* UISwitch.storyboard in Resources */ = {isa = PBXBuildFile; fileRef = BC4E506729ED6E2400C0AC9D /* UISwitch.storyboard */; };
		BC4E506A29ED6E3E00C0AC9D /* UISwitchVC.swift in Sources */ = {isa = PBXBuildFile; fileRef = BC4E506929ED6E3E00C0AC9D /* UISwitchVC.swift */; };
		BC4E506D29ED766F00C0AC9D /* UISlider.storyboard in Resources */ = {isa = PBXBuildFile; fileRef = BC4E506C29ED766F00C0AC9D /* UISlider.storyboard */; };
		BC4E506F29ED768100C0AC9D /* UISliderVC.swift in Sources */ = {isa = PBXBuildFile; fileRef = BC4E506E29ED768100C0AC9D /* UISliderVC.swift */; };
		BC4E507129ED7F4300C0AC9D /* UIFont+Extension.swift in Sources */ = {isa = PBXBuildFile; fileRef = BC4E507029ED7F4300C0AC9D /* UIFont+Extension.swift */; };
		BCA52CA429E68EAC003437E6 /* UIViewController+Extension.swift in Sources */ = {isa = PBXBuildFile; fileRef = BCA52CA329E68EAC003437E6 /* UIViewController+Extension.swift */; };
		BCA52CA629E68F96003437E6 /* Storyboard.swift in Sources */ = {isa = PBXBuildFile; fileRef = BCA52CA529E68F96003437E6 /* Storyboard.swift */; };
		BCA52CA829E69001003437E6 /* UILabel.storyboard in Resources */ = {isa = PBXBuildFile; fileRef = BCA52CA729E69001003437E6 /* UILabel.storyboard */; };
		BCA52CAA29E69041003437E6 /* UILabelVC.swift in Sources */ = {isa = PBXBuildFile; fileRef = BCA52CA929E69041003437E6 /* UILabelVC.swift */; };
		BCA52CAD29E6B976003437E6 /* UIButtonVC.swift in Sources */ = {isa = PBXBuildFile; fileRef = BCA52CAC29E6B976003437E6 /* UIButtonVC.swift */; };
		BCA52CAF29E6B99F003437E6 /* UIButton.storyboard in Resources */ = {isa = PBXBuildFile; fileRef = BCA52CAE29E6B99F003437E6 /* UIButton.storyboard */; };
		BCD732BB29E81ADD0045032D /* UITextField.storyboard in Resources */ = {isa = PBXBuildFile; fileRef = BCD732BA29E81ADD0045032D /* UITextField.storyboard */; };
		BCD732BE29E81B090045032D /* UITextFieldVC.swift in Sources */ = {isa = PBXBuildFile; fileRef = BCD732BD29E81B090045032D /* UITextFieldVC.swift */; };
		BCD732C129E824650045032D /* UITextViewVC.swift in Sources */ = {isa = PBXBuildFile; fileRef = BCD732C029E824650045032D /* UITextViewVC.swift */; };
		BCD732C329E8248F0045032D /* UITextView.storyboard in Resources */ = {isa = PBXBuildFile; fileRef = BCD732C229E8248F0045032D /* UITextView.storyboard */; };
/* End PBXBuildFile section */

/* Begin PBXFileReference section */
		BC42364129DBE5BA00CB1DC0 /* DemoApp.app */ = {isa = PBXFileReference; explicitFileType = wrapper.application; includeInIndex = 0; path = DemoApp.app; sourceTree = BUILT_PRODUCTS_DIR; };
		BC42364429DBE5BA00CB1DC0 /* AppDelegate.swift */ = {isa = PBXFileReference; lastKnownFileType = sourcecode.swift; path = AppDelegate.swift; sourceTree = "<group>"; };
		BC42364629DBE5BA00CB1DC0 /* SceneDelegate.swift */ = {isa = PBXFileReference; lastKnownFileType = sourcecode.swift; path = SceneDelegate.swift; sourceTree = "<group>"; };
		BC42364829DBE5BA00CB1DC0 /* ViewController.swift */ = {isa = PBXFileReference; lastKnownFileType = sourcecode.swift; path = ViewController.swift; sourceTree = "<group>"; };
		BC42364B29DBE5BA00CB1DC0 /* Base */ = {isa = PBXFileReference; lastKnownFileType = file.storyboard; name = Base; path = Base.lproj/Main.storyboard; sourceTree = "<group>"; };
		BC42364D29DBE5BB00CB1DC0 /* Assets.xcassets */ = {isa = PBXFileReference; lastKnownFileType = folder.assetcatalog; path = Assets.xcassets; sourceTree = "<group>"; };
		BC42365029DBE5BB00CB1DC0 /* Base */ = {isa = PBXFileReference; lastKnownFileType = file.storyboard; name = Base; path = Base.lproj/LaunchScreen.storyboard; sourceTree = "<group>"; };
		BC42365229DBE5BB00CB1DC0 /* Info.plist */ = {isa = PBXFileReference; lastKnownFileType = text.plist.xml; path = Info.plist; sourceTree = "<group>"; };
		BC4E505229ED26D800C0AC9D /* Roboto-Light.ttf */ = {isa = PBXFileReference; lastKnownFileType = file; path = "Roboto-Light.ttf"; sourceTree = "<group>"; };
		BC4E505729ED26D900C0AC9D /* Roboto-Regular.ttf */ = {isa = PBXFileReference; lastKnownFileType = file; path = "Roboto-Regular.ttf"; sourceTree = "<group>"; };
		BC4E505829ED26D900C0AC9D /* Roboto-Italic.ttf */ = {isa = PBXFileReference; lastKnownFileType = file; path = "Roboto-Italic.ttf"; sourceTree = "<group>"; };
		BC4E505929ED26D900C0AC9D /* Roboto-Bold.ttf */ = {isa = PBXFileReference; lastKnownFileType = file; path = "Roboto-Bold.ttf"; sourceTree = "<group>"; };
		BC4E506729ED6E2400C0AC9D /* UISwitch.storyboard */ = {isa = PBXFileReference; lastKnownFileType = file.storyboard; path = UISwitch.storyboard; sourceTree = "<group>"; };
		BC4E506929ED6E3E00C0AC9D /* UISwitchVC.swift */ = {isa = PBXFileReference; lastKnownFileType = sourcecode.swift; path = UISwitchVC.swift; sourceTree = "<group>"; };
		BC4E506C29ED766F00C0AC9D /* UISlider.storyboard */ = {isa = PBXFileReference; lastKnownFileType = file.storyboard; path = UISlider.storyboard; sourceTree = "<group>"; };
		BC4E506E29ED768100C0AC9D /* UISliderVC.swift */ = {isa = PBXFileReference; lastKnownFileType = sourcecode.swift; path = UISliderVC.swift; sourceTree = "<group>"; };
		BC4E507029ED7F4300C0AC9D /* UIFont+Extension.swift */ = {isa = PBXFileReference; lastKnownFileType = sourcecode.swift; path = "UIFont+Extension.swift"; sourceTree = "<group>"; };
		BCA52CA329E68EAC003437E6 /* UIViewController+Extension.swift */ = {isa = PBXFileReference; lastKnownFileType = sourcecode.swift; path = "UIViewController+Extension.swift"; sourceTree = "<group>"; };
		BCA52CA529E68F96003437E6 /* Storyboard.swift */ = {isa = PBXFileReference; lastKnownFileType = sourcecode.swift; path = Storyboard.swift; sourceTree = "<group>"; };
		BCA52CA729E69001003437E6 /* UILabel.storyboard */ = {isa = PBXFileReference; lastKnownFileType = file.storyboard; path = UILabel.storyboard; sourceTree = "<group>"; };
		BCA52CA929E69041003437E6 /* UILabelVC.swift */ = {isa = PBXFileReference; lastKnownFileType = sourcecode.swift; path = UILabelVC.swift; sourceTree = "<group>"; };
		BCA52CAC29E6B976003437E6 /* UIButtonVC.swift */ = {isa = PBXFileReference; lastKnownFileType = sourcecode.swift; path = UIButtonVC.swift; sourceTree = "<group>"; };
		BCA52CAE29E6B99F003437E6 /* UIButton.storyboard */ = {isa = PBXFileReference; lastKnownFileType = file.storyboard; path = UIButton.storyboard; sourceTree = "<group>"; };
		BCD732BA29E81ADD0045032D /* UITextField.storyboard */ = {isa = PBXFileReference; lastKnownFileType = file.storyboard; path = UITextField.storyboard; sourceTree = "<group>"; };
		BCD732BD29E81B090045032D /* UITextFieldVC.swift */ = {isa = PBXFileReference; lastKnownFileType = sourcecode.swift; path = UITextFieldVC.swift; sourceTree = "<group>"; };
		BCD732C029E824650045032D /* UITextViewVC.swift */ = {isa = PBXFileReference; lastKnownFileType = sourcecode.swift; path = UITextViewVC.swift; sourceTree = "<group>"; };
		BCD732C229E8248F0045032D /* UITextView.storyboard */ = {isa = PBXFileReference; lastKnownFileType = file.storyboard; path = UITextView.storyboard; sourceTree = "<group>"; };
/* End PBXFileReference section */

/* Begin PBXFrameworksBuildPhase section */
		BC42363E29DBE5BA00CB1DC0 /* Frameworks */ = {
			isa = PBXFrameworksBuildPhase;
			buildActionMask = 2147483647;
			files = (
			);
			runOnlyForDeploymentPostprocessing = 0;
		};
/* End PBXFrameworksBuildPhase section */

/* Begin PBXGroup section */
		BC42363829DBE5BA00CB1DC0 = {
			isa = PBXGroup;
			children = (
				BC42364329DBE5BA00CB1DC0 /* DemoApp */,
				BC42364229DBE5BA00CB1DC0 /* Products */,
			);
			sourceTree = "<group>";
		};
		BC42364229DBE5BA00CB1DC0 /* Products */ = {
			isa = PBXGroup;
			children = (
				BC42364129DBE5BA00CB1DC0 /* DemoApp.app */,
			);
			name = Products;
			sourceTree = "<group>";
		};
		BC42364329DBE5BA00CB1DC0 /* DemoApp */ = {
			isa = PBXGroup;
			children = (
				BC4E504D29ED268800C0AC9D /* fonts */,
				BCA52CA229E68E81003437E6 /* Extensions */,
				BCA52C9E29E68054003437E6 /* UIComponents */,
				BCA52CA029E68397003437E6 /* Storyboards */,
				BC42364429DBE5BA00CB1DC0 /* AppDelegate.swift */,
				BC42364629DBE5BA00CB1DC0 /* SceneDelegate.swift */,
				BC42364829DBE5BA00CB1DC0 /* ViewController.swift */,
				BC42364D29DBE5BB00CB1DC0 /* Assets.xcassets */,
				BC42365229DBE5BB00CB1DC0 /* Info.plist */,
			);
			path = DemoApp;
			sourceTree = "<group>";
		};
		BC4E504D29ED268800C0AC9D /* fonts */ = {
			isa = PBXGroup;
			children = (
				BC4E505929ED26D900C0AC9D /* Roboto-Bold.ttf */,
				BC4E505829ED26D900C0AC9D /* Roboto-Italic.ttf */,
				BC4E505229ED26D800C0AC9D /* Roboto-Light.ttf */,
				BC4E505729ED26D900C0AC9D /* Roboto-Regular.ttf */,
			);
			path = fonts;
			sourceTree = "<group>";
		};
		BC4E506629ED6DEC00C0AC9D /* UISwitch */ = {
			isa = PBXGroup;
			children = (
				BC4E506729ED6E2400C0AC9D /* UISwitch.storyboard */,
				BC4E506929ED6E3E00C0AC9D /* UISwitchVC.swift */,
			);
			path = UISwitch;
			sourceTree = "<group>";
		};
		BC4E506B29ED764F00C0AC9D /* UISlider */ = {
			isa = PBXGroup;
			children = (
				BC4E506C29ED766F00C0AC9D /* UISlider.storyboard */,
				BC4E506E29ED768100C0AC9D /* UISliderVC.swift */,
			);
			path = UISlider;
			sourceTree = "<group>";
		};
		BCA52C9E29E68054003437E6 /* UIComponents */ = {
			isa = PBXGroup;
			children = (
				BC4E506B29ED764F00C0AC9D /* UISlider */,
				BC4E506629ED6DEC00C0AC9D /* UISwitch */,
				BCD732BF29E8244C0045032D /* UITextView */,
				BCD732B929E81ABD0045032D /* UITextField */,
				BCA52CAB29E6B95D003437E6 /* UIButton */,
				BCA52CA129E683BE003437E6 /* UILabel */,
			);
			path = UIComponents;
			sourceTree = "<group>";
		};
		BCA52CA029E68397003437E6 /* Storyboards */ = {
			isa = PBXGroup;
			children = (
				BC42364F29DBE5BB00CB1DC0 /* LaunchScreen.storyboard */,
				BC42364A29DBE5BA00CB1DC0 /* Main.storyboard */,
				BCA52CA529E68F96003437E6 /* Storyboard.swift */,
			);
			path = Storyboards;
			sourceTree = "<group>";
		};
		BCA52CA129E683BE003437E6 /* UILabel */ = {
			isa = PBXGroup;
			children = (
				BCA52CA729E69001003437E6 /* UILabel.storyboard */,
				BCA52CA929E69041003437E6 /* UILabelVC.swift */,
			);
			path = UILabel;
			sourceTree = "<group>";
		};
		BCA52CA229E68E81003437E6 /* Extensions */ = {
			isa = PBXGroup;
			children = (
				BCA52CA329E68EAC003437E6 /* UIViewController+Extension.swift */,
				BC4E507029ED7F4300C0AC9D /* UIFont+Extension.swift */,
			);
			path = Extensions;
			sourceTree = "<group>";
		};
		BCA52CAB29E6B95D003437E6 /* UIButton */ = {
			isa = PBXGroup;
			children = (
				BCA52CAC29E6B976003437E6 /* UIButtonVC.swift */,
				BCA52CAE29E6B99F003437E6 /* UIButton.storyboard */,
			);
			path = UIButton;
			sourceTree = "<group>";
		};
		BCD732B929E81ABD0045032D /* UITextField */ = {
			isa = PBXGroup;
			children = (
				BCD732BA29E81ADD0045032D /* UITextField.storyboard */,
				BCD732BD29E81B090045032D /* UITextFieldVC.swift */,
			);
			path = UITextField;
			sourceTree = "<group>";
		};
		BCD732BF29E8244C0045032D /* UITextView */ = {
			isa = PBXGroup;
			children = (
				BCD732C029E824650045032D /* UITextViewVC.swift */,
				BCD732C229E8248F0045032D /* UITextView.storyboard */,
			);
			path = UITextView;
			sourceTree = "<group>";
		};
/* End PBXGroup section */

/* Begin PBXNativeTarget section */
		BC42364029DBE5BA00CB1DC0 /* DemoApp */ = {
			isa = PBXNativeTarget;
			buildConfigurationList = BC42365529DBE5BB00CB1DC0 /* Build configuration list for PBXNativeTarget "DemoApp" */;
			buildPhases = (
				BC42363D29DBE5BA00CB1DC0 /* Sources */,
				BC42363E29DBE5BA00CB1DC0 /* Frameworks */,
				BC42363F29DBE5BA00CB1DC0 /* Resources */,
			);
			buildRules = (
			);
			dependencies = (
			);
			name = DemoApp;
			productName = DemoApp;
			productReference = BC42364129DBE5BA00CB1DC0 /* DemoApp.app */;
			productType = "com.apple.product-type.application";
		};
/* End PBXNativeTarget section */

/* Begin PBXProject section */
		BC42363929DBE5BA00CB1DC0 /* Project object */ = {
			isa = PBXProject;
			attributes = {
				BuildIndependentTargetsInParallel = 1;
				LastSwiftUpdateCheck = 1420;
				LastUpgradeCheck = 1420;
				TargetAttributes = {
					BC42364029DBE5BA00CB1DC0 = {
						CreatedOnToolsVersion = 14.2;
					};
				};
			};
			buildConfigurationList = BC42363C29DBE5BA00CB1DC0 /* Build configuration list for PBXProject "DemoApp" */;
			compatibilityVersion = "Xcode 14.0";
			developmentRegion = en;
			hasScannedForEncodings = 0;
			knownRegions = (
				en,
				Base,
			);
			mainGroup = BC42363829DBE5BA00CB1DC0;
			productRefGroup = BC42364229DBE5BA00CB1DC0 /* Products */;
			projectDirPath = "";
			projectRoot = "";
			targets = (
				BC42364029DBE5BA00CB1DC0 /* DemoApp */,
			);
		};
/* End PBXProject section */

/* Begin PBXResourcesBuildPhase section */
		BC42363F29DBE5BA00CB1DC0 /* Resources */ = {
			isa = PBXResourcesBuildPhase;
			buildActionMask = 2147483647;
			files = (
				BC4E506529ED26D900C0AC9D /* Roboto-Bold.ttf in Resources */,
				BC4E506429ED26D900C0AC9D /* Roboto-Italic.ttf in Resources */,
				BC42365129DBE5BB00CB1DC0 /* LaunchScreen.storyboard in Resources */,
				BC42364E29DBE5BB00CB1DC0 /* Assets.xcassets in Resources */,
				BC4E505E29ED26D900C0AC9D /* Roboto-Light.ttf in Resources */,
				BCA52CAF29E6B99F003437E6 /* UIButton.storyboard in Resources */,
				BCD732C329E8248F0045032D /* UITextView.storyboard in Resources */,
				BC4E506D29ED766F00C0AC9D /* UISlider.storyboard in Resources */,
				BC42364C29DBE5BA00CB1DC0 /* Main.storyboard in Resources */,
				BCD732BB29E81ADD0045032D /* UITextField.storyboard in Resources */,
				BC4E506329ED26D900C0AC9D /* Roboto-Regular.ttf in Resources */,
				BC4E506829ED6E2400C0AC9D /* UISwitch.storyboard in Resources */,
				BCA52CA829E69001003437E6 /* UILabel.storyboard in Resources */,
			);
			runOnlyForDeploymentPostprocessing = 0;
		};
/* End PBXResourcesBuildPhase section */

/* Begin PBXSourcesBuildPhase section */
		BC42363D29DBE5BA00CB1DC0 /* Sources */ = {
			isa = PBXSourcesBuildPhase;
			buildActionMask = 2147483647;
			files = (
				BCA52CA429E68EAC003437E6 /* UIViewController+Extension.swift in Sources */,
				BCA52CA629E68F96003437E6 /* Storyboard.swift in Sources */,
				BC4E506F29ED768100C0AC9D /* UISliderVC.swift in Sources */,
				BCA52CAD29E6B976003437E6 /* UIButtonVC.swift in Sources */,
				BC42364929DBE5BA00CB1DC0 /* ViewController.swift in Sources */,
				BCA52CAA29E69041003437E6 /* UILabelVC.swift in Sources */,
				BC4E507129ED7F4300C0AC9D /* UIFont+Extension.swift in Sources */,
				BC42364529DBE5BA00CB1DC0 /* AppDelegate.swift in Sources */,
				BC4E506A29ED6E3E00C0AC9D /* UISwitchVC.swift in Sources */,
				BCD732BE29E81B090045032D /* UITextFieldVC.swift in Sources */,
				BC42364729DBE5BA00CB1DC0 /* SceneDelegate.swift in Sources */,
				BCD732C129E824650045032D /* UITextViewVC.swift in Sources */,
			);
			runOnlyForDeploymentPostprocessing = 0;
		};
/* End PBXSourcesBuildPhase section */

/* Begin PBXVariantGroup section */
		BC42364A29DBE5BA00CB1DC0 /* Main.storyboard */ = {
			isa = PBXVariantGroup;
			children = (
				BC42364B29DBE5BA00CB1DC0 /* Base */,
			);
			name = Main.storyboard;
			sourceTree = "<group>";
		};
		BC42364F29DBE5BB00CB1DC0 /* LaunchScreen.storyboard */ = {
			isa = PBXVariantGroup;
			children = (
				BC42365029DBE5BB00CB1DC0 /* Base */,
			);
			name = LaunchScreen.storyboard;
			sourceTree = "<group>";
		};
/* End PBXVariantGroup section */

/* Begin XCBuildConfiguration section */
		BC42365329DBE5BB00CB1DC0 /* Debug */ = {
			isa = XCBuildConfiguration;
			buildSettings = {
				ALWAYS_SEARCH_USER_PATHS = NO;
				CLANG_ANALYZER_NONNULL = YES;
				CLANG_ANALYZER_NUMBER_OBJECT_CONVERSION = YES_AGGRESSIVE;
				CLANG_CXX_LANGUAGE_STANDARD = "gnu++20";
				CLANG_ENABLE_MODULES = YES;
				CLANG_ENABLE_OBJC_ARC = YES;
				CLANG_ENABLE_OBJC_WEAK = YES;
				CLANG_WARN_BLOCK_CAPTURE_AUTORELEASING = YES;
				CLANG_WARN_BOOL_CONVERSION = YES;
				CLANG_WARN_COMMA = YES;
				CLANG_WARN_CONSTANT_CONVERSION = YES;
				CLANG_WARN_DEPRECATED_OBJC_IMPLEMENTATIONS = YES;
				CLANG_WARN_DIRECT_OBJC_ISA_USAGE = YES_ERROR;
				CLANG_WARN_DOCUMENTATION_COMMENTS = YES;
				CLANG_WARN_EMPTY_BODY = YES;
				CLANG_WARN_ENUM_CONVERSION = YES;
				CLANG_WARN_INFINITE_RECURSION = YES;
				CLANG_WARN_INT_CONVERSION = YES;
				CLANG_WARN_NON_LITERAL_NULL_CONVERSION = YES;
				CLANG_WARN_OBJC_IMPLICIT_RETAIN_SELF = YES;
				CLANG_WARN_OBJC_LITERAL_CONVERSION = YES;
				CLANG_WARN_OBJC_ROOT_CLASS = YES_ERROR;
				CLANG_WARN_QUOTED_INCLUDE_IN_FRAMEWORK_HEADER = YES;
				CLANG_WARN_RANGE_LOOP_ANALYSIS = YES;
				CLANG_WARN_STRICT_PROTOTYPES = YES;
				CLANG_WARN_SUSPICIOUS_MOVE = YES;
				CLANG_WARN_UNGUARDED_AVAILABILITY = YES_AGGRESSIVE;
				CLANG_WARN_UNREACHABLE_CODE = YES;
				CLANG_WARN__DUPLICATE_METHOD_MATCH = YES;
				COPY_PHASE_STRIP = NO;
				DEBUG_INFORMATION_FORMAT = dwarf;
				ENABLE_STRICT_OBJC_MSGSEND = YES;
				ENABLE_TESTABILITY = YES;
				GCC_C_LANGUAGE_STANDARD = gnu11;
				GCC_DYNAMIC_NO_PIC = NO;
				GCC_NO_COMMON_BLOCKS = YES;
				GCC_OPTIMIZATION_LEVEL = 0;
				GCC_PREPROCESSOR_DEFINITIONS = (
					"DEBUG=1",
					"$(inherited)",
				);
				GCC_WARN_64_TO_32_BIT_CONVERSION = YES;
				GCC_WARN_ABOUT_RETURN_TYPE = YES_ERROR;
				GCC_WARN_UNDECLARED_SELECTOR = YES;
				GCC_WARN_UNINITIALIZED_AUTOS = YES_AGGRESSIVE;
				GCC_WARN_UNUSED_FUNCTION = YES;
				GCC_WARN_UNUSED_VARIABLE = YES;
				IPHONEOS_DEPLOYMENT_TARGET = 16.2;
				MTL_ENABLE_DEBUG_INFO = INCLUDE_SOURCE;
				MTL_FAST_MATH = YES;
				ONLY_ACTIVE_ARCH = YES;
				SDKROOT = iphoneos;
				SWIFT_ACTIVE_COMPILATION_CONDITIONS = DEBUG;
				SWIFT_OPTIMIZATION_LEVEL = "-Onone";
			};
			name = Debug;
		};
		BC42365429DBE5BB00CB1DC0 /* Release */ = {
			isa = XCBuildConfiguration;
			buildSettings = {
				ALWAYS_SEARCH_USER_PATHS = NO;
				CLANG_ANALYZER_NONNULL = YES;
				CLANG_ANALYZER_NUMBER_OBJECT_CONVERSION = YES_AGGRESSIVE;
				CLANG_CXX_LANGUAGE_STANDARD = "gnu++20";
				CLANG_ENABLE_MODULES = YES;
				CLANG_ENABLE_OBJC_ARC = YES;
				CLANG_ENABLE_OBJC_WEAK = YES;
				CLANG_WARN_BLOCK_CAPTURE_AUTORELEASING = YES;
				CLANG_WARN_BOOL_CONVERSION = YES;
				CLANG_WARN_COMMA = YES;
				CLANG_WARN_CONSTANT_CONVERSION = YES;
				CLANG_WARN_DEPRECATED_OBJC_IMPLEMENTATIONS = YES;
				CLANG_WARN_DIRECT_OBJC_ISA_USAGE = YES_ERROR;
				CLANG_WARN_DOCUMENTATION_COMMENTS = YES;
				CLANG_WARN_EMPTY_BODY = YES;
				CLANG_WARN_ENUM_CONVERSION = YES;
				CLANG_WARN_INFINITE_RECURSION = YES;
				CLANG_WARN_INT_CONVERSION = YES;
				CLANG_WARN_NON_LITERAL_NULL_CONVERSION = YES;
				CLANG_WARN_OBJC_IMPLICIT_RETAIN_SELF = YES;
				CLANG_WARN_OBJC_LITERAL_CONVERSION = YES;
				CLANG_WARN_OBJC_ROOT_CLASS = YES_ERROR;
				CLANG_WARN_QUOTED_INCLUDE_IN_FRAMEWORK_HEADER = YES;
				CLANG_WARN_RANGE_LOOP_ANALYSIS = YES;
				CLANG_WARN_STRICT_PROTOTYPES = YES;
				CLANG_WARN_SUSPICIOUS_MOVE = YES;
				CLANG_WARN_UNGUARDED_AVAILABILITY = YES_AGGRESSIVE;
				CLANG_WARN_UNREACHABLE_CODE = YES;
				CLANG_WARN__DUPLICATE_METHOD_MATCH = YES;
				COPY_PHASE_STRIP = NO;
				DEBUG_INFORMATION_FORMAT = "dwarf-with-dsym";
				ENABLE_NS_ASSERTIONS = NO;
				ENABLE_STRICT_OBJC_MSGSEND = YES;
				GCC_C_LANGUAGE_STANDARD = gnu11;
				GCC_NO_COMMON_BLOCKS = YES;
				GCC_WARN_64_TO_32_BIT_CONVERSION = YES;
				GCC_WARN_ABOUT_RETURN_TYPE = YES_ERROR;
				GCC_WARN_UNDECLARED_SELECTOR = YES;
				GCC_WARN_UNINITIALIZED_AUTOS = YES_AGGRESSIVE;
				GCC_WARN_UNUSED_FUNCTION = YES;
				GCC_WARN_UNUSED_VARIABLE = YES;
				IPHONEOS_DEPLOYMENT_TARGET = 16.2;
				MTL_ENABLE_DEBUG_INFO = NO;
				MTL_FAST_MATH = YES;
				SDKROOT = iphoneos;
				SWIFT_COMPILATION_MODE = wholemodule;
				SWIFT_OPTIMIZATION_LEVEL = "-O";
				VALIDATE_PRODUCT = YES;
			};
			name = Release;
		};
		BC42365629DBE5BB00CB1DC0 /* Debug */ = {
			isa = XCBuildConfiguration;
			buildSettings = {
				ASSETCATALOG_COMPILER_APPICON_NAME = AppIcon;
				ASSETCATALOG_COMPILER_GLOBAL_ACCENT_COLOR_NAME = AccentColor;
				CODE_SIGN_STYLE = Automatic;
				CURRENT_PROJECT_VERSION = 1;
				GENERATE_INFOPLIST_FILE = YES;
				INFOPLIST_FILE = DemoApp/Info.plist;
				INFOPLIST_KEY_UIApplicationSupportsIndirectInputEvents = YES;
				INFOPLIST_KEY_UILaunchStoryboardName = LaunchScreen;
				INFOPLIST_KEY_UIMainStoryboardFile = Main;
				INFOPLIST_KEY_UISupportedInterfaceOrientations_iPad = "UIInterfaceOrientationPortrait UIInterfaceOrientationPortraitUpsideDown UIInterfaceOrientationLandscapeLeft UIInterfaceOrientationLandscapeRight";
				INFOPLIST_KEY_UISupportedInterfaceOrientations_iPhone = "UIInterfaceOrientationPortrait UIInterfaceOrientationLandscapeLeft UIInterfaceOrientationLandscapeRight";
				LD_RUNPATH_SEARCH_PATHS = (
					"$(inherited)",
					"@executable_path/Frameworks",
				);
				MARKETING_VERSION = 1.0;
				PRODUCT_BUNDLE_IDENTIFIER = com.example.DemoApp;
				PRODUCT_NAME = "$(TARGET_NAME)";
				SWIFT_EMIT_LOC_STRINGS = YES;
				SWIFT_VERSION = 5.0;
				TARGETED_DEVICE_FAMILY = "1,2";
			};
			name = Debug;
		};
		BC42365729DBE5BB00CB1DC0 /* Release */ = {
			isa = XCBuildConfiguration;
			buildSettings = {
				ASSETCATALOG_COMPILER_APPICON_NAME = AppIcon;
				ASSETCATALOG_COMPILER_GLOBAL_ACCENT_COLOR_NAME = AccentColor;
				CODE_SIGN_STYLE = Automatic;
				CURRENT_PROJECT_VERSION = 1;
				GENERATE_INFOPLIST_FILE = YES;
				INFOPLIST_FILE = DemoApp/Info.plist;
				INFOPLIST_KEY_UIApplicationSupportsIndirectInputEvents = YES;
				INFOPLIST_KEY_UILaunchStoryboardName = LaunchScreen;
				INFOPLIST_KEY_UIMainStoryboardFile = Main;
				INFOPLIST_KEY_UISupportedInterfaceOrientations_iPad = "UIInterfaceOrientationPortrait UIInterfaceOrientationPortraitUpsideDown UIInterfaceOrientationLandscapeLeft UIInterfaceOrientationLandscapeRight";
				INFOPLIST_KEY_UISupportedInterfaceOrientations_iPhone = "UIInterfaceOrientationPortrait UIInterfaceOrientationLandscapeLeft UIInterfaceOrientationLandscapeRight";
				LD_RUNPATH_SEARCH_PATHS = (
					"$(inherited)",
					"@executable_path/Frameworks",
				);
				MARKETING_VERSION = 1.0;
				PRODUCT_BUNDLE_IDENTIFIER = com.example.DemoApp;
				PRODUCT_NAME = "$(TARGET_NAME)";
				SWIFT_EMIT_LOC_STRINGS = YES;
				SWIFT_VERSION = 5.0;
				TARGETED_DEVICE_FAMILY = "1,2";
			};
			name = Release;
		};
/* End XCBuildConfiguration section */

/* Begin XCConfigurationList section */
		BC42363C29DBE5BA00CB1DC0 /* Build configuration list for PBXProject "DemoApp" */ = {
			isa = XCConfigurationList;
			buildConfigurations = (
				BC42365329DBE5BB00CB1DC0 /* Debug */,
				BC42365429DBE5BB00CB1DC0 /* Release */,
			);
			defaultConfigurationIsVisible = 0;
			defaultConfigurationName = Release;
		};
		BC42365529DBE5BB00CB1DC0 /* Build configuration list for PBXNativeTarget "DemoApp" */ = {
			isa = XCConfigurationList;
			buildConfigurations = (
				BC42365629DBE5BB00CB1DC0 /* Debug */,
				BC42365729DBE5BB00CB1DC0 /* Release */,
			);
			defaultConfigurationIsVisible = 0;
			defaultConfigurationName = Release;
		};
/* End XCConfigurationList section */
	};
	rootObject = BC42363929DBE5BA00CB1DC0 /* Project object */;
}
