// !$*UTF8*$!
{
	archiveVersion = 1;
	classes = {
	};
	objectVersion = 56;
	objects = {

/* Begin PBXBuildFile section */
		BC02020D2A1738760027B170 /* UIViewExtensions.swift in Sources */ = {isa = PBXBuildFile; fileRef = BC02020C2A1738760027B170 /* UIViewExtensions.swift */; };
		BC0202142A17A2070027B170 /* CALayerExtensions.swift in Sources */ = {isa = PBXBuildFile; fileRef = BC0202132A17A2070027B170 /* CALayerExtensions.swift */; };
		BC06B4ED2A0E31F400DCE719 /* UINavigation.storyboard in Resources */ = {isa = PBXBuildFile; fileRef = BC06B4EC2A0E31F400DCE719 /* UINavigation.storyboard */; };
		BC06B4EF2A0E329800DCE719 /* UINavigationVC.swift in Sources */ = {isa = PBXBuildFile; fileRef = BC06B4EE2A0E329800DCE719 /* UINavigationVC.swift */; };
		BC06B4F12A0E592900DCE719 /* PracticeNavigationController.swift in Sources */ = {isa = PBXBuildFile; fileRef = BC06B4F02A0E592900DCE719 /* PracticeNavigationController.swift */; };
		BC06B4F32A0E5FAA00DCE719 /* PracticeNavigationRootVC.swift in Sources */ = {isa = PBXBuildFile; fileRef = BC06B4F22A0E5FAA00DCE719 /* PracticeNavigationRootVC.swift */; };
		BC1763532A15049800C26545 /* GolfHomeHeaderView.swift in Sources */ = {isa = PBXBuildFile; fileRef = BC1763522A15049800C26545 /* GolfHomeHeaderView.swift */; };
		BC1763552A15054800C26545 /* GolfHomeHeaderView.xib in Resources */ = {isa = PBXBuildFile; fileRef = BC1763542A15054800C26545 /* GolfHomeHeaderView.xib */; };
		BC1763572A150AF100C26545 /* GolfGameTypeView.xib in Resources */ = {isa = PBXBuildFile; fileRef = BC1763562A150AF100C26545 /* GolfGameTypeView.xib */; };
		BC1763592A150E7300C26545 /* GolfGameTypeView.swift in Sources */ = {isa = PBXBuildFile; fileRef = BC1763582A150E7300C26545 /* GolfGameTypeView.swift */; };
		BC387C6B2A0908ED002276F2 /* MyAnnotation.swift in Sources */ = {isa = PBXBuildFile; fileRef = BC387C6A2A0908ED002276F2 /* MyAnnotation.swift */; };
		BC387C6D2A0924DB002276F2 /* MapTabBarVC.swift in Sources */ = {isa = PBXBuildFile; fileRef = BC387C6C2A0924DB002276F2 /* MapTabBarVC.swift */; };
		BC387C6F2A093202002276F2 /* SevenWondersVC.swift in Sources */ = {isa = PBXBuildFile; fileRef = BC387C6E2A093202002276F2 /* SevenWondersVC.swift */; };
		BC387C712A093664002276F2 /* Wonder.swift in Sources */ = {isa = PBXBuildFile; fileRef = BC387C702A093664002276F2 /* Wonder.swift */; };
		BC42364529DBE5BA00CB1DC0 /* AppDelegate.swift in Sources */ = {isa = PBXBuildFile; fileRef = BC42364429DBE5BA00CB1DC0 /* AppDelegate.swift */; };
		BC42364729DBE5BA00CB1DC0 /* SceneDelegate.swift in Sources */ = {isa = PBXBuildFile; fileRef = BC42364629DBE5BA00CB1DC0 /* SceneDelegate.swift */; };
		BC42364C29DBE5BA00CB1DC0 /* Main.storyboard in Resources */ = {isa = PBXBuildFile; fileRef = BC42364A29DBE5BA00CB1DC0 /* Main.storyboard */; };
		BC42364E29DBE5BB00CB1DC0 /* Assets.xcassets in Resources */ = {isa = PBXBuildFile; fileRef = BC42364D29DBE5BB00CB1DC0 /* Assets.xcassets */; };
		BC42365129DBE5BB00CB1DC0 /* LaunchScreen.storyboard in Resources */ = {isa = PBXBuildFile; fileRef = BC42364F29DBE5BB00CB1DC0 /* LaunchScreen.storyboard */; };
		BC4928482A1CCD4500C5CDC7 /* AdjustableTextViewDemoVC.swift in Sources */ = {isa = PBXBuildFile; fileRef = BC4928472A1CCD4500C5CDC7 /* AdjustableTextViewDemoVC.swift */; };
		BC4E505E29ED26D900C0AC9D /* Roboto-Light.ttf in Resources */ = {isa = PBXBuildFile; fileRef = BC4E505229ED26D800C0AC9D /* Roboto-Light.ttf */; };
		BC4E506329ED26D900C0AC9D /* Roboto-Regular.ttf in Resources */ = {isa = PBXBuildFile; fileRef = BC4E505729ED26D900C0AC9D /* Roboto-Regular.ttf */; };
		BC4E506429ED26D900C0AC9D /* Roboto-Italic.ttf in Resources */ = {isa = PBXBuildFile; fileRef = BC4E505829ED26D900C0AC9D /* Roboto-Italic.ttf */; };
		BC4E506529ED26D900C0AC9D /* Roboto-Bold.ttf in Resources */ = {isa = PBXBuildFile; fileRef = BC4E505929ED26D900C0AC9D /* Roboto-Bold.ttf */; };
		BC4E506829ED6E2400C0AC9D /* UISwitch.storyboard in Resources */ = {isa = PBXBuildFile; fileRef = BC4E506729ED6E2400C0AC9D /* UISwitch.storyboard */; };
		BC4E506A29ED6E3E00C0AC9D /* UISwitchVC.swift in Sources */ = {isa = PBXBuildFile; fileRef = BC4E506929ED6E3E00C0AC9D /* UISwitchVC.swift */; };
		BC4E506D29ED766F00C0AC9D /* UISlider.storyboard in Resources */ = {isa = PBXBuildFile; fileRef = BC4E506C29ED766F00C0AC9D /* UISlider.storyboard */; };
		BC4E506F29ED768100C0AC9D /* UISliderVC.swift in Sources */ = {isa = PBXBuildFile; fileRef = BC4E506E29ED768100C0AC9D /* UISliderVC.swift */; };
		BC4E507129ED7F4300C0AC9D /* UIFont+Extension.swift in Sources */ = {isa = PBXBuildFile; fileRef = BC4E507029ED7F4300C0AC9D /* UIFont+Extension.swift */; };
		BC59940D29EE522700EFF4D2 /* UITextView+Extension.swift in Sources */ = {isa = PBXBuildFile; fileRef = BC59940C29EE522700EFF4D2 /* UITextView+Extension.swift */; };
		BC59941029EE6A0500EFF4D2 /* UIProgressVC.swift in Sources */ = {isa = PBXBuildFile; fileRef = BC59940F29EE6A0500EFF4D2 /* UIProgressVC.swift */; };
		BC59941229EE6A1400EFF4D2 /* UIProgressView.storyboard in Resources */ = {isa = PBXBuildFile; fileRef = BC59941129EE6A1400EFF4D2 /* UIProgressView.storyboard */; };
		BC59941529EE714100EFF4D2 /* UISegmentedControl.storyboard in Resources */ = {isa = PBXBuildFile; fileRef = BC59941429EE714100EFF4D2 /* UISegmentedControl.storyboard */; };
		BC59941929EE717100EFF4D2 /* UISegmentedControlVC.swift in Sources */ = {isa = PBXBuildFile; fileRef = BC59941829EE717100EFF4D2 /* UISegmentedControlVC.swift */; };
		BC59941C29EE87B900EFF4D2 /* UIPageViewController.storyboard in Resources */ = {isa = PBXBuildFile; fileRef = BC59941B29EE87B900EFF4D2 /* UIPageViewController.storyboard */; };
		BC59942029EE929C00EFF4D2 /* MainPageViewController.swift in Sources */ = {isa = PBXBuildFile; fileRef = BC59941F29EE929C00EFF4D2 /* MainPageViewController.swift */; };
		BC59942229EE93C400EFF4D2 /* PinkViewController.swift in Sources */ = {isa = PBXBuildFile; fileRef = BC59942129EE93C400EFF4D2 /* PinkViewController.swift */; };
		BC59942429EE93D200EFF4D2 /* YellowViewController.swift in Sources */ = {isa = PBXBuildFile; fileRef = BC59942329EE93D100EFF4D2 /* YellowViewController.swift */; };
		BC59942729EEB1CA00EFF4D2 /* UIStepper.storyboard in Resources */ = {isa = PBXBuildFile; fileRef = BC59942629EEB1CA00EFF4D2 /* UIStepper.storyboard */; };
		BC59942B29EEB2CC00EFF4D2 /* UIStepperVC.swift in Sources */ = {isa = PBXBuildFile; fileRef = BC59942A29EEB2CC00EFF4D2 /* UIStepperVC.swift */; };
		BC59942E29EEC1AB00EFF4D2 /* ImageViewVC.swift in Sources */ = {isa = PBXBuildFile; fileRef = BC59942D29EEC1AB00EFF4D2 /* ImageViewVC.swift */; };
		BC59943029EEC1B900EFF4D2 /* ImageView.storyboard in Resources */ = {isa = PBXBuildFile; fileRef = BC59942F29EEC1B900EFF4D2 /* ImageView.storyboard */; };
		BC6B43B429F244C6007607C4 /* Validator.swift in Sources */ = {isa = PBXBuildFile; fileRef = BC6B43B329F244C6007607C4 /* Validator.swift */; };
		BC6CA9E22A15E2BC001F8B97 /* GolfGame.swift in Sources */ = {isa = PBXBuildFile; fileRef = BC6CA9E12A15E2BC001F8B97 /* GolfGame.swift */; };
		BC6CA9E52A15E306001F8B97 /* Constants.swift in Sources */ = {isa = PBXBuildFile; fileRef = BC6CA9E42A15E306001F8B97 /* Constants.swift */; };
		BC6CA9EB2A1617C5001F8B97 /* GameStatusView.swift in Sources */ = {isa = PBXBuildFile; fileRef = BC6CA9EA2A1617C5001F8B97 /* GameStatusView.swift */; };
		BC6CA9ED2A16186D001F8B97 /* GameStatusView.xib in Resources */ = {isa = PBXBuildFile; fileRef = BC6CA9EC2A16186D001F8B97 /* GameStatusView.xib */; };
		BC6CA9F02A1632C4001F8B97 /* PlayerTVCell.swift in Sources */ = {isa = PBXBuildFile; fileRef = BC6CA9EE2A1632C4001F8B97 /* PlayerTVCell.swift */; };
		BC6CA9F12A1632C4001F8B97 /* PlayerTVCell.xib in Resources */ = {isa = PBXBuildFile; fileRef = BC6CA9EF2A1632C4001F8B97 /* PlayerTVCell.xib */; };
		BC6CA9F32A163CDD001F8B97 /* GroupHeaderView.swift in Sources */ = {isa = PBXBuildFile; fileRef = BC6CA9F22A163CDD001F8B97 /* GroupHeaderView.swift */; };
		BC6CA9F52A163DB7001F8B97 /* GroupHeaderView.xib in Resources */ = {isa = PBXBuildFile; fileRef = BC6CA9F42A163DB7001F8B97 /* GroupHeaderView.xib */; };
		BC6D98D52A00EA71008FB9A0 /* MovieHeaderView.swift in Sources */ = {isa = PBXBuildFile; fileRef = BC6D98D42A00EA71008FB9A0 /* MovieHeaderView.swift */; };
		BC6D98DD2A011CDE008FB9A0 /* MovieHeaderView.xib in Resources */ = {isa = PBXBuildFile; fileRef = BC6D98DC2A011CDE008FB9A0 /* MovieHeaderView.xib */; };
		BC6D98E02A0121D9008FB9A0 /* MovieHeaderCVCell.swift in Sources */ = {isa = PBXBuildFile; fileRef = BC6D98DE2A0121D9008FB9A0 /* MovieHeaderCVCell.swift */; };
		BC6D98E12A0121D9008FB9A0 /* MovieHeaderCVCell.xib in Resources */ = {isa = PBXBuildFile; fileRef = BC6D98DF2A0121D9008FB9A0 /* MovieHeaderCVCell.xib */; };
		BC6D98E32A013131008FB9A0 /* UICollectionView+Extension.swift in Sources */ = {isa = PBXBuildFile; fileRef = BC6D98E22A013131008FB9A0 /* UICollectionView+Extension.swift */; };
		BC70743229F7FE8A00F443FB /* Friend.swift in Sources */ = {isa = PBXBuildFile; fileRef = BC70743129F7FE8A00F443FB /* Friend.swift */; };
		BC70743729F8038D00F443FB /* FriendTableViewCell.swift in Sources */ = {isa = PBXBuildFile; fileRef = BC70743529F8038D00F443FB /* FriendTableViewCell.swift */; };
		BC70743829F8038D00F443FB /* FriendTableViewCell.xib in Resources */ = {isa = PBXBuildFile; fileRef = BC70743629F8038D00F443FB /* FriendTableViewCell.xib */; };
		BC75CAB22A02254B005FF13B /* UIImage+Extension.swift in Sources */ = {isa = PBXBuildFile; fileRef = BC75CAB12A02254B005FF13B /* UIImage+Extension.swift */; };
		BC75CAB82A023EA2005FF13B /* StackViewVC.swift in Sources */ = {isa = PBXBuildFile; fileRef = BC75CAB72A023EA2005FF13B /* StackViewVC.swift */; };
		BC75CABA2A023EBF005FF13B /* StackView.storyboard in Resources */ = {isa = PBXBuildFile; fileRef = BC75CAB92A023EBF005FF13B /* StackView.storyboard */; };
		BC7781F82A0A2A3900631C41 /* WonderAnnotation.swift in Sources */ = {isa = PBXBuildFile; fileRef = BC7781F72A0A2A3900631C41 /* WonderAnnotation.swift */; };
		BC78C3B829FB8E2500EBAA40 /* SectionHeaderView.swift in Sources */ = {isa = PBXBuildFile; fileRef = BC78C3B729FB8E2500EBAA40 /* SectionHeaderView.swift */; };
		BC78C3BA29FB8E3E00EBAA40 /* SectionHeaderView.xib in Resources */ = {isa = PBXBuildFile; fileRef = BC78C3B929FB8E3E00EBAA40 /* SectionHeaderView.xib */; };
		BC78C3BD29FBD2CB00EBAA40 /* CollectionView.storyboard in Resources */ = {isa = PBXBuildFile; fileRef = BC78C3BC29FBD2CB00EBAA40 /* CollectionView.storyboard */; };
		BC78C3BF29FBD31D00EBAA40 /* CollectionViewVC.swift in Sources */ = {isa = PBXBuildFile; fileRef = BC78C3BE29FBD31D00EBAA40 /* CollectionViewVC.swift */; };
		BC78C3C529FBF43C00EBAA40 /* Movie.swift in Sources */ = {isa = PBXBuildFile; fileRef = BC78C3C429FBF43C00EBAA40 /* Movie.swift */; };
		BC7C1EC929F78481009A8228 /* AddFriendVC.swift in Sources */ = {isa = PBXBuildFile; fileRef = BC7C1EC829F78481009A8228 /* AddFriendVC.swift */; };
		BC7C1ECB29F784E1009A8228 /* FriendsListVC.swift in Sources */ = {isa = PBXBuildFile; fileRef = BC7C1ECA29F784E1009A8228 /* FriendsListVC.swift */; };
		BC7F3C7F29F2A56A001ABCE7 /* SPIndicator in Frameworks */ = {isa = PBXBuildFile; productRef = BC7F3C7E29F2A56A001ABCE7 /* SPIndicator */; };
		BC8D98BF2A03A5450097F2EE /* UITabBar.storyboard in Resources */ = {isa = PBXBuildFile; fileRef = BC8D98BE2A03A5450097F2EE /* UITabBar.storyboard */; };
		BC8D98C12A03A5850097F2EE /* UITabBarVC.swift in Sources */ = {isa = PBXBuildFile; fileRef = BC8D98C02A03A5850097F2EE /* UITabBarVC.swift */; };
		BC8D98C52A03B33C0097F2EE /* WKWebView.storyboard in Resources */ = {isa = PBXBuildFile; fileRef = BC8D98C42A03B33C0097F2EE /* WKWebView.storyboard */; };
		BC8D98C72A03B3980097F2EE /* WKWebVC.swift in Sources */ = {isa = PBXBuildFile; fileRef = BC8D98C62A03B3980097F2EE /* WKWebVC.swift */; };
		BC8D98C92A03C1D10097F2EE /* PdfViewerVC.swift in Sources */ = {isa = PBXBuildFile; fileRef = BC8D98C82A03C1D10097F2EE /* PdfViewerVC.swift */; };
		BC8D98CB2A03C6950097F2EE /* WKWebViewTabBarVC.swift in Sources */ = {isa = PBXBuildFile; fileRef = BC8D98CA2A03C6950097F2EE /* WKWebViewTabBarVC.swift */; };
		BC8D98CD2A03C7620097F2EE /* wkwebview.pdf in Resources */ = {isa = PBXBuildFile; fileRef = BC8D98CC2A03C7610097F2EE /* wkwebview.pdf */; };
		BC8D98D02A03DB370097F2EE /* UIToolBar.storyboard in Resources */ = {isa = PBXBuildFile; fileRef = BC8D98CF2A03DB370097F2EE /* UIToolBar.storyboard */; };
		BC8D98D22A03DB610097F2EE /* UIToolBarVC.swift in Sources */ = {isa = PBXBuildFile; fileRef = BC8D98D12A03DB610097F2EE /* UIToolBarVC.swift */; };
		BC94E42029EFAC670057CB70 /* ContainerViewController.swift in Sources */ = {isa = PBXBuildFile; fileRef = BC94E41F29EFAC670057CB70 /* ContainerViewController.swift */; };
		BC94E42329EFE4830057CB70 /* ScrollViewVC.swift in Sources */ = {isa = PBXBuildFile; fileRef = BC94E42229EFE4830057CB70 /* ScrollViewVC.swift */; };
		BC94E42529EFE4920057CB70 /* ScrollView.storyboard in Resources */ = {isa = PBXBuildFile; fileRef = BC94E42429EFE4920057CB70 /* ScrollView.storyboard */; };
		BC94E42829EFF63B0057CB70 /* Task1.storyboard in Resources */ = {isa = PBXBuildFile; fileRef = BC94E42729EFF63B0057CB70 /* Task1.storyboard */; };
		BC94E42A29EFF6540057CB70 /* Task1VC.swift in Sources */ = {isa = PBXBuildFile; fileRef = BC94E42929EFF6540057CB70 /* Task1VC.swift */; };
		BC94E42C29EFFEB50057CB70 /* AuthPageViewController.swift in Sources */ = {isa = PBXBuildFile; fileRef = BC94E42B29EFFEB50057CB70 /* AuthPageViewController.swift */; };
		BC94E42E29EFFF120057CB70 /* SignUpViewController.swift in Sources */ = {isa = PBXBuildFile; fileRef = BC94E42D29EFFF120057CB70 /* SignUpViewController.swift */; };
		BC94E43029F004170057CB70 /* LoginViewController.swift in Sources */ = {isa = PBXBuildFile; fileRef = BC94E42F29F004170057CB70 /* LoginViewController.swift */; };
		BC965EE329F646ED00945631 /* TableView.storyboard in Resources */ = {isa = PBXBuildFile; fileRef = BC965EE229F646ED00945631 /* TableView.storyboard */; };
		BC965EE529F6471A00945631 /* TableViewVC.swift in Sources */ = {isa = PBXBuildFile; fileRef = BC965EE429F6471A00945631 /* TableViewVC.swift */; };
		BC965EE729F6516C00945631 /* TableContentVC.swift in Sources */ = {isa = PBXBuildFile; fileRef = BC965EE629F6516C00945631 /* TableContentVC.swift */; };
		BC965EEA29F65CEE00945631 /* IndexTableViewCell.swift in Sources */ = {isa = PBXBuildFile; fileRef = BC965EE829F65CEE00945631 /* IndexTableViewCell.swift */; };
		BC965EEB29F65CEE00945631 /* IndexTableViewCell.xib in Resources */ = {isa = PBXBuildFile; fileRef = BC965EE929F65CEE00945631 /* IndexTableViewCell.xib */; };
		BC965EEE29F67F7700945631 /* Multiple5TableViewCell.swift in Sources */ = {isa = PBXBuildFile; fileRef = BC965EEC29F67F7700945631 /* Multiple5TableViewCell.swift */; };
		BC965EEF29F67F7700945631 /* Multiple5TableViewCell.xib in Resources */ = {isa = PBXBuildFile; fileRef = BC965EED29F67F7700945631 /* Multiple5TableViewCell.xib */; };
		BC965EF129F68ECD00945631 /* SectionFooterView.swift in Sources */ = {isa = PBXBuildFile; fileRef = BC965EF029F68ECD00945631 /* SectionFooterView.swift */; };
		BCA52CA429E68EAC003437E6 /* UIViewController+Extension.swift in Sources */ = {isa = PBXBuildFile; fileRef = BCA52CA329E68EAC003437E6 /* UIViewController+Extension.swift */; };
		BCA52CA629E68F96003437E6 /* Storyboard.swift in Sources */ = {isa = PBXBuildFile; fileRef = BCA52CA529E68F96003437E6 /* Storyboard.swift */; };
		BCA52CA829E69001003437E6 /* UILabel.storyboard in Resources */ = {isa = PBXBuildFile; fileRef = BCA52CA729E69001003437E6 /* UILabel.storyboard */; };
		BCA52CAA29E69041003437E6 /* UILabelVC.swift in Sources */ = {isa = PBXBuildFile; fileRef = BCA52CA929E69041003437E6 /* UILabelVC.swift */; };
		BCA52CAD29E6B976003437E6 /* UIButtonVC.swift in Sources */ = {isa = PBXBuildFile; fileRef = BCA52CAC29E6B976003437E6 /* UIButtonVC.swift */; };
		BCA52CAF29E6B99F003437E6 /* UIButton.storyboard in Resources */ = {isa = PBXBuildFile; fileRef = BCA52CAE29E6B99F003437E6 /* UIButton.storyboard */; };
		BCAC393D2A0269540095A377 /* ActivityIndicator.storyboard in Resources */ = {isa = PBXBuildFile; fileRef = BCAC393C2A0269540095A377 /* ActivityIndicator.storyboard */; };
		BCAC393F2A0269700095A377 /* ActivityIndicatorVC.swift in Sources */ = {isa = PBXBuildFile; fileRef = BCAC393E2A0269700095A377 /* ActivityIndicatorVC.swift */; };
		BCAC39422A02849E0095A377 /* SearchBarVC.swift in Sources */ = {isa = PBXBuildFile; fileRef = BCAC39412A02849E0095A377 /* SearchBarVC.swift */; };
		BCAC39442A0284A80095A377 /* SearchBar.storyboard in Resources */ = {isa = PBXBuildFile; fileRef = BCAC39432A0284A80095A377 /* SearchBar.storyboard */; };
		BCAC39462A0286DF0095A377 /* MovieListingTVCell.swift in Sources */ = {isa = PBXBuildFile; fileRef = BCAC39452A0286DF0095A377 /* MovieListingTVCell.swift */; };
		BCCABFDA2A04D55E000BDEB5 /* UIPickerView.storyboard in Resources */ = {isa = PBXBuildFile; fileRef = BCCABFD92A04D55E000BDEB5 /* UIPickerView.storyboard */; };
		BCCABFDC2A04D571000BDEB5 /* UIPickerViewVC.swift in Sources */ = {isa = PBXBuildFile; fileRef = BCCABFDB2A04D571000BDEB5 /* UIPickerViewVC.swift */; };
		BCCABFDF2A04FE23000BDEB5 /* UIDatePicker.storyboard in Resources */ = {isa = PBXBuildFile; fileRef = BCCABFDE2A04FE23000BDEB5 /* UIDatePicker.storyboard */; };
		BCCABFE12A04FE41000BDEB5 /* UIDatePickerVC.swift in Sources */ = {isa = PBXBuildFile; fileRef = BCCABFE02A04FE41000BDEB5 /* UIDatePickerVC.swift */; };
		BCCABFE42A05192C000BDEB5 /* MKMapView.storyboard in Resources */ = {isa = PBXBuildFile; fileRef = BCCABFE32A05192C000BDEB5 /* MKMapView.storyboard */; };
		BCCABFE62A05193D000BDEB5 /* MKMapViewVC.swift in Sources */ = {isa = PBXBuildFile; fileRef = BCCABFE52A05193D000BDEB5 /* MKMapViewVC.swift */; };
		BCCABFE82A052AA0000BDEB5 /* UITextField+Extension.swift in Sources */ = {isa = PBXBuildFile; fileRef = BCCABFE72A052AA0000BDEB5 /* UITextField+Extension.swift */; };
		BCD340F229FF7BB100AFA19A /* MovieCollectionViewCell.swift in Sources */ = {isa = PBXBuildFile; fileRef = BCD340F129FF7BB100AFA19A /* MovieCollectionViewCell.swift */; };
		BCD340F729FFAC2E00AFA19A /* OTTScreen.storyboard in Resources */ = {isa = PBXBuildFile; fileRef = BCD340F629FFAC2E00AFA19A /* OTTScreen.storyboard */; };
		BCD340F929FFAC5200AFA19A /* OTTViewController.swift in Sources */ = {isa = PBXBuildFile; fileRef = BCD340F829FFAC5200AFA19A /* OTTViewController.swift */; };
		BCD3410029FFBD9500AFA19A /* MovieCatalogTVCell.swift in Sources */ = {isa = PBXBuildFile; fileRef = BCD340FE29FFBD9500AFA19A /* MovieCatalogTVCell.swift */; };
		BCD3410129FFBD9500AFA19A /* MovieCatalogTVCell.xib in Resources */ = {isa = PBXBuildFile; fileRef = BCD340FF29FFBD9500AFA19A /* MovieCatalogTVCell.xib */; };
		BCD3410829FFC5DD00AFA19A /* MovieCVCell.swift in Sources */ = {isa = PBXBuildFile; fileRef = BCD3410629FFC5DD00AFA19A /* MovieCVCell.swift */; };
		BCD3410929FFC5DD00AFA19A /* MovieCVCell.xib in Resources */ = {isa = PBXBuildFile; fileRef = BCD3410729FFC5DD00AFA19A /* MovieCVCell.xib */; };
		BCD3410B29FFC85600AFA19A /* MovieCatalog.swift in Sources */ = {isa = PBXBuildFile; fileRef = BCD3410A29FFC85600AFA19A /* MovieCatalog.swift */; };
		BCD3410E29FFD07D00AFA19A /* MoviesData.swift in Sources */ = {isa = PBXBuildFile; fileRef = BCD3410D29FFD07D00AFA19A /* MoviesData.swift */; };
		BCD3411129FFDF7300AFA19A /* SDWebImage in Frameworks */ = {isa = PBXBuildFile; productRef = BCD3411029FFDF7300AFA19A /* SDWebImage */; };
		BCD732BB29E81ADD0045032D /* UITextField.storyboard in Resources */ = {isa = PBXBuildFile; fileRef = BCD732BA29E81ADD0045032D /* UITextField.storyboard */; };
		BCD732BE29E81B090045032D /* UITextFieldVC.swift in Sources */ = {isa = PBXBuildFile; fileRef = BCD732BD29E81B090045032D /* UITextFieldVC.swift */; };
		BCD732C129E824650045032D /* UITextViewVC.swift in Sources */ = {isa = PBXBuildFile; fileRef = BCD732C029E824650045032D /* UITextViewVC.swift */; };
		BCD732C329E8248F0045032D /* UITextView.storyboard in Resources */ = {isa = PBXBuildFile; fileRef = BCD732C229E8248F0045032D /* UITextView.storyboard */; };
		BCE1A9B22A14E18A0055219A /* GolfScreens.storyboard in Resources */ = {isa = PBXBuildFile; fileRef = BCE1A9B12A14E18A0055219A /* GolfScreens.storyboard */; };
		BCE1A9B42A14E2220055219A /* GolfHomeScreenVC.swift in Sources */ = {isa = PBXBuildFile; fileRef = BCE1A9B32A14E2220055219A /* GolfHomeScreenVC.swift */; };
		BCE756EB2A133C3500E13B38 /* VC4.swift in Sources */ = {isa = PBXBuildFile; fileRef = BCE756EA2A133C3500E13B38 /* VC4.swift */; };
		BCE756ED2A13579D00E13B38 /* UIComponentsNavigationVC.swift in Sources */ = {isa = PBXBuildFile; fileRef = BCE756EC2A13579D00E13B38 /* UIComponentsNavigationVC.swift */; };
		BCE756F52A13706300E13B38 /* NavigationTVCell.swift in Sources */ = {isa = PBXBuildFile; fileRef = BCE756F42A13706300E13B38 /* NavigationTVCell.swift */; };
		BCEF05B429F0EE4000B8DA0C /* FormTextField.xib in Resources */ = {isa = PBXBuildFile; fileRef = BCEF05B329F0EE4000B8DA0C /* FormTextField.xib */; };
		BCEF05B629F0EE6F00B8DA0C /* FormTextField.swift in Sources */ = {isa = PBXBuildFile; fileRef = BCEF05B529F0EE6F00B8DA0C /* FormTextField.swift */; };
		BCEF05B929F10D0800B8DA0C /* CircularImageView.swift in Sources */ = {isa = PBXBuildFile; fileRef = BCEF05B829F10D0800B8DA0C /* CircularImageView.swift */; };
		BCEF05BB29F12E9800B8DA0C /* UIView+Extension.swift in Sources */ = {isa = PBXBuildFile; fileRef = BCEF05BA29F12E9800B8DA0C /* UIView+Extension.swift */; };
		BCF4CDF32A11F16C00B22704 /* FourthVC.swift in Sources */ = {isa = PBXBuildFile; fileRef = BCF4CDF22A11F16C00B22704 /* FourthVC.swift */; };
		BCF4CDF92A12037B00B22704 /* SecondVC.swift in Sources */ = {isa = PBXBuildFile; fileRef = BCF4CDF82A12037B00B22704 /* SecondVC.swift */; };
		BCF4CDFD2A124F7E00B22704 /* VC3.swift in Sources */ = {isa = PBXBuildFile; fileRef = BCF4CDFC2A124F7E00B22704 /* VC3.swift */; };
		BCF4CDFF2A12568800B22704 /* VC1.swift in Sources */ = {isa = PBXBuildFile; fileRef = BCF4CDFE2A12568800B22704 /* VC1.swift */; };
		BCF4CE012A1256B400B22704 /* VC2.swift in Sources */ = {isa = PBXBuildFile; fileRef = BCF4CE002A1256B400B22704 /* VC2.swift */; };
/* End PBXBuildFile section */

/* Begin PBXFileReference section */
		BC02020C2A1738760027B170 /* UIViewExtensions.swift */ = {isa = PBXFileReference; lastKnownFileType = sourcecode.swift; path = UIViewExtensions.swift; sourceTree = "<group>"; };
		BC0202132A17A2070027B170 /* CALayerExtensions.swift */ = {isa = PBXFileReference; lastKnownFileType = sourcecode.swift; path = CALayerExtensions.swift; sourceTree = "<group>"; };
		BC06B4EC2A0E31F400DCE719 /* UINavigation.storyboard */ = {isa = PBXFileReference; lastKnownFileType = file.storyboard; path = UINavigation.storyboard; sourceTree = "<group>"; };
		BC06B4EE2A0E329800DCE719 /* UINavigationVC.swift */ = {isa = PBXFileReference; lastKnownFileType = sourcecode.swift; path = UINavigationVC.swift; sourceTree = "<group>"; };
		BC06B4F02A0E592900DCE719 /* PracticeNavigationController.swift */ = {isa = PBXFileReference; lastKnownFileType = sourcecode.swift; path = PracticeNavigationController.swift; sourceTree = "<group>"; };
		BC06B4F22A0E5FAA00DCE719 /* PracticeNavigationRootVC.swift */ = {isa = PBXFileReference; lastKnownFileType = sourcecode.swift; path = PracticeNavigationRootVC.swift; sourceTree = "<group>"; };
		BC1763522A15049800C26545 /* GolfHomeHeaderView.swift */ = {isa = PBXFileReference; lastKnownFileType = sourcecode.swift; path = GolfHomeHeaderView.swift; sourceTree = "<group>"; };
		BC1763542A15054800C26545 /* GolfHomeHeaderView.xib */ = {isa = PBXFileReference; lastKnownFileType = file.xib; path = GolfHomeHeaderView.xib; sourceTree = "<group>"; };
		BC1763562A150AF100C26545 /* GolfGameTypeView.xib */ = {isa = PBXFileReference; lastKnownFileType = file.xib; path = GolfGameTypeView.xib; sourceTree = "<group>"; };
		BC1763582A150E7300C26545 /* GolfGameTypeView.swift */ = {isa = PBXFileReference; lastKnownFileType = sourcecode.swift; path = GolfGameTypeView.swift; sourceTree = "<group>"; };
		BC387C6A2A0908ED002276F2 /* MyAnnotation.swift */ = {isa = PBXFileReference; lastKnownFileType = sourcecode.swift; path = MyAnnotation.swift; sourceTree = "<group>"; };
		BC387C6C2A0924DB002276F2 /* MapTabBarVC.swift */ = {isa = PBXFileReference; lastKnownFileType = sourcecode.swift; path = MapTabBarVC.swift; sourceTree = "<group>"; };
		BC387C6E2A093202002276F2 /* SevenWondersVC.swift */ = {isa = PBXFileReference; lastKnownFileType = sourcecode.swift; path = SevenWondersVC.swift; sourceTree = "<group>"; };
		BC387C702A093664002276F2 /* Wonder.swift */ = {isa = PBXFileReference; lastKnownFileType = sourcecode.swift; path = Wonder.swift; sourceTree = "<group>"; };
		BC42364129DBE5BA00CB1DC0 /* DemoApp.app */ = {isa = PBXFileReference; explicitFileType = wrapper.application; includeInIndex = 0; path = DemoApp.app; sourceTree = BUILT_PRODUCTS_DIR; };
		BC42364429DBE5BA00CB1DC0 /* AppDelegate.swift */ = {isa = PBXFileReference; lastKnownFileType = sourcecode.swift; path = AppDelegate.swift; sourceTree = "<group>"; };
		BC42364629DBE5BA00CB1DC0 /* SceneDelegate.swift */ = {isa = PBXFileReference; lastKnownFileType = sourcecode.swift; path = SceneDelegate.swift; sourceTree = "<group>"; };
		BC42364B29DBE5BA00CB1DC0 /* Base */ = {isa = PBXFileReference; lastKnownFileType = file.storyboard; name = Base; path = Base.lproj/Main.storyboard; sourceTree = "<group>"; };
		BC42364D29DBE5BB00CB1DC0 /* Assets.xcassets */ = {isa = PBXFileReference; lastKnownFileType = folder.assetcatalog; path = Assets.xcassets; sourceTree = "<group>"; };
		BC42365029DBE5BB00CB1DC0 /* Base */ = {isa = PBXFileReference; lastKnownFileType = file.storyboard; name = Base; path = Base.lproj/LaunchScreen.storyboard; sourceTree = "<group>"; };
		BC42365229DBE5BB00CB1DC0 /* Info.plist */ = {isa = PBXFileReference; lastKnownFileType = text.plist.xml; path = Info.plist; sourceTree = "<group>"; };
		BC4928472A1CCD4500C5CDC7 /* AdjustableTextViewDemoVC.swift */ = {isa = PBXFileReference; lastKnownFileType = sourcecode.swift; path = AdjustableTextViewDemoVC.swift; sourceTree = "<group>"; };
		BC4E505229ED26D800C0AC9D /* Roboto-Light.ttf */ = {isa = PBXFileReference; lastKnownFileType = file; path = "Roboto-Light.ttf"; sourceTree = "<group>"; };
		BC4E505729ED26D900C0AC9D /* Roboto-Regular.ttf */ = {isa = PBXFileReference; lastKnownFileType = file; path = "Roboto-Regular.ttf"; sourceTree = "<group>"; };
		BC4E505829ED26D900C0AC9D /* Roboto-Italic.ttf */ = {isa = PBXFileReference; lastKnownFileType = file; path = "Roboto-Italic.ttf"; sourceTree = "<group>"; };
		BC4E505929ED26D900C0AC9D /* Roboto-Bold.ttf */ = {isa = PBXFileReference; lastKnownFileType = file; path = "Roboto-Bold.ttf"; sourceTree = "<group>"; };
		BC4E506729ED6E2400C0AC9D /* UISwitch.storyboard */ = {isa = PBXFileReference; lastKnownFileType = file.storyboard; path = UISwitch.storyboard; sourceTree = "<group>"; };
		BC4E506929ED6E3E00C0AC9D /* UISwitchVC.swift */ = {isa = PBXFileReference; lastKnownFileType = sourcecode.swift; path = UISwitchVC.swift; sourceTree = "<group>"; };
		BC4E506C29ED766F00C0AC9D /* UISlider.storyboard */ = {isa = PBXFileReference; lastKnownFileType = file.storyboard; path = UISlider.storyboard; sourceTree = "<group>"; };
		BC4E506E29ED768100C0AC9D /* UISliderVC.swift */ = {isa = PBXFileReference; lastKnownFileType = sourcecode.swift; path = UISliderVC.swift; sourceTree = "<group>"; };
		BC4E507029ED7F4300C0AC9D /* UIFont+Extension.swift */ = {isa = PBXFileReference; lastKnownFileType = sourcecode.swift; path = "UIFont+Extension.swift"; sourceTree = "<group>"; };
		BC59940C29EE522700EFF4D2 /* UITextView+Extension.swift */ = {isa = PBXFileReference; lastKnownFileType = sourcecode.swift; path = "UITextView+Extension.swift"; sourceTree = "<group>"; };
		BC59940F29EE6A0500EFF4D2 /* UIProgressVC.swift */ = {isa = PBXFileReference; lastKnownFileType = sourcecode.swift; path = UIProgressVC.swift; sourceTree = "<group>"; };
		BC59941129EE6A1400EFF4D2 /* UIProgressView.storyboard */ = {isa = PBXFileReference; lastKnownFileType = file.storyboard; path = UIProgressView.storyboard; sourceTree = "<group>"; };
		BC59941429EE714100EFF4D2 /* UISegmentedControl.storyboard */ = {isa = PBXFileReference; lastKnownFileType = file.storyboard; path = UISegmentedControl.storyboard; sourceTree = "<group>"; };
		BC59941829EE717100EFF4D2 /* UISegmentedControlVC.swift */ = {isa = PBXFileReference; lastKnownFileType = sourcecode.swift; path = UISegmentedControlVC.swift; sourceTree = "<group>"; };
		BC59941B29EE87B900EFF4D2 /* UIPageViewController.storyboard */ = {isa = PBXFileReference; lastKnownFileType = file.storyboard; path = UIPageViewController.storyboard; sourceTree = "<group>"; };
		BC59941F29EE929C00EFF4D2 /* MainPageViewController.swift */ = {isa = PBXFileReference; lastKnownFileType = sourcecode.swift; path = MainPageViewController.swift; sourceTree = "<group>"; };
		BC59942129EE93C400EFF4D2 /* PinkViewController.swift */ = {isa = PBXFileReference; lastKnownFileType = sourcecode.swift; path = PinkViewController.swift; sourceTree = "<group>"; };
		BC59942329EE93D100EFF4D2 /* YellowViewController.swift */ = {isa = PBXFileReference; lastKnownFileType = sourcecode.swift; path = YellowViewController.swift; sourceTree = "<group>"; };
		BC59942629EEB1CA00EFF4D2 /* UIStepper.storyboard */ = {isa = PBXFileReference; lastKnownFileType = file.storyboard; path = UIStepper.storyboard; sourceTree = "<group>"; };
		BC59942A29EEB2CC00EFF4D2 /* UIStepperVC.swift */ = {isa = PBXFileReference; lastKnownFileType = sourcecode.swift; path = UIStepperVC.swift; sourceTree = "<group>"; };
		BC59942D29EEC1AB00EFF4D2 /* ImageViewVC.swift */ = {isa = PBXFileReference; lastKnownFileType = sourcecode.swift; path = ImageViewVC.swift; sourceTree = "<group>"; };
		BC59942F29EEC1B900EFF4D2 /* ImageView.storyboard */ = {isa = PBXFileReference; lastKnownFileType = file.storyboard; path = ImageView.storyboard; sourceTree = "<group>"; };
		BC6B43B329F244C6007607C4 /* Validator.swift */ = {isa = PBXFileReference; lastKnownFileType = sourcecode.swift; path = Validator.swift; sourceTree = "<group>"; };
		BC6B43B529F25B43007607C4 /* DemoApp.entitlements */ = {isa = PBXFileReference; lastKnownFileType = text.plist.entitlements; path = DemoApp.entitlements; sourceTree = "<group>"; };
		BC6CA9E12A15E2BC001F8B97 /* GolfGame.swift */ = {isa = PBXFileReference; lastKnownFileType = sourcecode.swift; path = GolfGame.swift; sourceTree = "<group>"; };
		BC6CA9E42A15E306001F8B97 /* Constants.swift */ = {isa = PBXFileReference; lastKnownFileType = sourcecode.swift; path = Constants.swift; sourceTree = "<group>"; };
		BC6CA9EA2A1617C5001F8B97 /* GameStatusView.swift */ = {isa = PBXFileReference; lastKnownFileType = sourcecode.swift; path = GameStatusView.swift; sourceTree = "<group>"; };
		BC6CA9EC2A16186D001F8B97 /* GameStatusView.xib */ = {isa = PBXFileReference; lastKnownFileType = file.xib; path = GameStatusView.xib; sourceTree = "<group>"; };
		BC6CA9EE2A1632C4001F8B97 /* PlayerTVCell.swift */ = {isa = PBXFileReference; lastKnownFileType = sourcecode.swift; path = PlayerTVCell.swift; sourceTree = "<group>"; };
		BC6CA9EF2A1632C4001F8B97 /* PlayerTVCell.xib */ = {isa = PBXFileReference; lastKnownFileType = file.xib; path = PlayerTVCell.xib; sourceTree = "<group>"; };
		BC6CA9F22A163CDD001F8B97 /* GroupHeaderView.swift */ = {isa = PBXFileReference; lastKnownFileType = sourcecode.swift; path = GroupHeaderView.swift; sourceTree = "<group>"; };
		BC6CA9F42A163DB7001F8B97 /* GroupHeaderView.xib */ = {isa = PBXFileReference; lastKnownFileType = file.xib; path = GroupHeaderView.xib; sourceTree = "<group>"; };
		BC6D98D42A00EA71008FB9A0 /* MovieHeaderView.swift */ = {isa = PBXFileReference; lastKnownFileType = sourcecode.swift; path = MovieHeaderView.swift; sourceTree = "<group>"; };
		BC6D98DC2A011CDE008FB9A0 /* MovieHeaderView.xib */ = {isa = PBXFileReference; lastKnownFileType = file.xib; path = MovieHeaderView.xib; sourceTree = "<group>"; };
		BC6D98DE2A0121D9008FB9A0 /* MovieHeaderCVCell.swift */ = {isa = PBXFileReference; lastKnownFileType = sourcecode.swift; path = MovieHeaderCVCell.swift; sourceTree = "<group>"; };
		BC6D98DF2A0121D9008FB9A0 /* MovieHeaderCVCell.xib */ = {isa = PBXFileReference; lastKnownFileType = file.xib; path = MovieHeaderCVCell.xib; sourceTree = "<group>"; };
		BC6D98E22A013131008FB9A0 /* UICollectionView+Extension.swift */ = {isa = PBXFileReference; lastKnownFileType = sourcecode.swift; path = "UICollectionView+Extension.swift"; sourceTree = "<group>"; };
		BC70743129F7FE8A00F443FB /* Friend.swift */ = {isa = PBXFileReference; lastKnownFileType = sourcecode.swift; path = Friend.swift; sourceTree = "<group>"; };
		BC70743529F8038D00F443FB /* FriendTableViewCell.swift */ = {isa = PBXFileReference; lastKnownFileType = sourcecode.swift; path = FriendTableViewCell.swift; sourceTree = "<group>"; };
		BC70743629F8038D00F443FB /* FriendTableViewCell.xib */ = {isa = PBXFileReference; lastKnownFileType = file.xib; path = FriendTableViewCell.xib; sourceTree = "<group>"; };
		BC75CAB12A02254B005FF13B /* UIImage+Extension.swift */ = {isa = PBXFileReference; lastKnownFileType = sourcecode.swift; path = "UIImage+Extension.swift"; sourceTree = "<group>"; };
		BC75CAB72A023EA2005FF13B /* StackViewVC.swift */ = {isa = PBXFileReference; lastKnownFileType = sourcecode.swift; path = StackViewVC.swift; sourceTree = "<group>"; };
		BC75CAB92A023EBF005FF13B /* StackView.storyboard */ = {isa = PBXFileReference; lastKnownFileType = file.storyboard; path = StackView.storyboard; sourceTree = "<group>"; };
		BC7781F72A0A2A3900631C41 /* WonderAnnotation.swift */ = {isa = PBXFileReference; lastKnownFileType = sourcecode.swift; path = WonderAnnotation.swift; sourceTree = "<group>"; };
		BC78C3B729FB8E2500EBAA40 /* SectionHeaderView.swift */ = {isa = PBXFileReference; lastKnownFileType = sourcecode.swift; path = SectionHeaderView.swift; sourceTree = "<group>"; };
		BC78C3B929FB8E3E00EBAA40 /* SectionHeaderView.xib */ = {isa = PBXFileReference; lastKnownFileType = file.xib; path = SectionHeaderView.xib; sourceTree = "<group>"; };
		BC78C3BC29FBD2CB00EBAA40 /* CollectionView.storyboard */ = {isa = PBXFileReference; lastKnownFileType = file.storyboard; path = CollectionView.storyboard; sourceTree = "<group>"; };
		BC78C3BE29FBD31D00EBAA40 /* CollectionViewVC.swift */ = {isa = PBXFileReference; lastKnownFileType = sourcecode.swift; path = CollectionViewVC.swift; sourceTree = "<group>"; };
		BC78C3C429FBF43C00EBAA40 /* Movie.swift */ = {isa = PBXFileReference; lastKnownFileType = sourcecode.swift; path = Movie.swift; sourceTree = "<group>"; };
		BC7C1EC829F78481009A8228 /* AddFriendVC.swift */ = {isa = PBXFileReference; lastKnownFileType = sourcecode.swift; path = AddFriendVC.swift; sourceTree = "<group>"; };
		BC7C1ECA29F784E1009A8228 /* FriendsListVC.swift */ = {isa = PBXFileReference; lastKnownFileType = sourcecode.swift; path = FriendsListVC.swift; sourceTree = "<group>"; };
		BC8D98BE2A03A5450097F2EE /* UITabBar.storyboard */ = {isa = PBXFileReference; lastKnownFileType = file.storyboard; path = UITabBar.storyboard; sourceTree = "<group>"; };
		BC8D98C02A03A5850097F2EE /* UITabBarVC.swift */ = {isa = PBXFileReference; lastKnownFileType = sourcecode.swift; path = UITabBarVC.swift; sourceTree = "<group>"; };
		BC8D98C42A03B33C0097F2EE /* WKWebView.storyboard */ = {isa = PBXFileReference; lastKnownFileType = file.storyboard; path = WKWebView.storyboard; sourceTree = "<group>"; };
		BC8D98C62A03B3980097F2EE /* WKWebVC.swift */ = {isa = PBXFileReference; lastKnownFileType = sourcecode.swift; path = WKWebVC.swift; sourceTree = "<group>"; };
		BC8D98C82A03C1D10097F2EE /* PdfViewerVC.swift */ = {isa = PBXFileReference; lastKnownFileType = sourcecode.swift; path = PdfViewerVC.swift; sourceTree = "<group>"; };
		BC8D98CA2A03C6950097F2EE /* WKWebViewTabBarVC.swift */ = {isa = PBXFileReference; lastKnownFileType = sourcecode.swift; path = WKWebViewTabBarVC.swift; sourceTree = "<group>"; };
		BC8D98CC2A03C7610097F2EE /* wkwebview.pdf */ = {isa = PBXFileReference; lastKnownFileType = image.pdf; name = wkwebview.pdf; path = DemoApp/wkwebview.pdf; sourceTree = SOURCE_ROOT; };
		BC8D98CF2A03DB370097F2EE /* UIToolBar.storyboard */ = {isa = PBXFileReference; lastKnownFileType = file.storyboard; path = UIToolBar.storyboard; sourceTree = "<group>"; };
		BC8D98D12A03DB610097F2EE /* UIToolBarVC.swift */ = {isa = PBXFileReference; lastKnownFileType = sourcecode.swift; path = UIToolBarVC.swift; sourceTree = "<group>"; };
		BC94E41F29EFAC670057CB70 /* ContainerViewController.swift */ = {isa = PBXFileReference; lastKnownFileType = sourcecode.swift; path = ContainerViewController.swift; sourceTree = "<group>"; };
		BC94E42229EFE4830057CB70 /* ScrollViewVC.swift */ = {isa = PBXFileReference; lastKnownFileType = sourcecode.swift; path = ScrollViewVC.swift; sourceTree = "<group>"; };
		BC94E42429EFE4920057CB70 /* ScrollView.storyboard */ = {isa = PBXFileReference; lastKnownFileType = file.storyboard; path = ScrollView.storyboard; sourceTree = "<group>"; };
		BC94E42729EFF63B0057CB70 /* Task1.storyboard */ = {isa = PBXFileReference; lastKnownFileType = file.storyboard; path = Task1.storyboard; sourceTree = "<group>"; };
		BC94E42929EFF6540057CB70 /* Task1VC.swift */ = {isa = PBXFileReference; lastKnownFileType = sourcecode.swift; path = Task1VC.swift; sourceTree = "<group>"; };
		BC94E42B29EFFEB50057CB70 /* AuthPageViewController.swift */ = {isa = PBXFileReference; lastKnownFileType = sourcecode.swift; path = AuthPageViewController.swift; sourceTree = "<group>"; };
		BC94E42D29EFFF120057CB70 /* SignUpViewController.swift */ = {isa = PBXFileReference; lastKnownFileType = sourcecode.swift; path = SignUpViewController.swift; sourceTree = "<group>"; };
		BC94E42F29F004170057CB70 /* LoginViewController.swift */ = {isa = PBXFileReference; lastKnownFileType = sourcecode.swift; path = LoginViewController.swift; sourceTree = "<group>"; };
		BC965EE229F646ED00945631 /* TableView.storyboard */ = {isa = PBXFileReference; lastKnownFileType = file.storyboard; path = TableView.storyboard; sourceTree = "<group>"; };
		BC965EE429F6471A00945631 /* TableViewVC.swift */ = {isa = PBXFileReference; lastKnownFileType = sourcecode.swift; path = TableViewVC.swift; sourceTree = "<group>"; };
		BC965EE629F6516C00945631 /* TableContentVC.swift */ = {isa = PBXFileReference; lastKnownFileType = sourcecode.swift; path = TableContentVC.swift; sourceTree = "<group>"; };
		BC965EE829F65CEE00945631 /* IndexTableViewCell.swift */ = {isa = PBXFileReference; lastKnownFileType = sourcecode.swift; path = IndexTableViewCell.swift; sourceTree = "<group>"; };
		BC965EE929F65CEE00945631 /* IndexTableViewCell.xib */ = {isa = PBXFileReference; lastKnownFileType = file.xib; path = IndexTableViewCell.xib; sourceTree = "<group>"; };
		BC965EEC29F67F7700945631 /* Multiple5TableViewCell.swift */ = {isa = PBXFileReference; lastKnownFileType = sourcecode.swift; path = Multiple5TableViewCell.swift; sourceTree = "<group>"; };
		BC965EED29F67F7700945631 /* Multiple5TableViewCell.xib */ = {isa = PBXFileReference; lastKnownFileType = file.xib; path = Multiple5TableViewCell.xib; sourceTree = "<group>"; };
		BC965EF029F68ECD00945631 /* SectionFooterView.swift */ = {isa = PBXFileReference; lastKnownFileType = sourcecode.swift; path = SectionFooterView.swift; sourceTree = "<group>"; };
		BCA52CA329E68EAC003437E6 /* UIViewController+Extension.swift */ = {isa = PBXFileReference; lastKnownFileType = sourcecode.swift; path = "UIViewController+Extension.swift"; sourceTree = "<group>"; };
		BCA52CA529E68F96003437E6 /* Storyboard.swift */ = {isa = PBXFileReference; lastKnownFileType = sourcecode.swift; path = Storyboard.swift; sourceTree = "<group>"; };
		BCA52CA729E69001003437E6 /* UILabel.storyboard */ = {isa = PBXFileReference; lastKnownFileType = file.storyboard; path = UILabel.storyboard; sourceTree = "<group>"; };
		BCA52CA929E69041003437E6 /* UILabelVC.swift */ = {isa = PBXFileReference; lastKnownFileType = sourcecode.swift; path = UILabelVC.swift; sourceTree = "<group>"; };
		BCA52CAC29E6B976003437E6 /* UIButtonVC.swift */ = {isa = PBXFileReference; lastKnownFileType = sourcecode.swift; path = UIButtonVC.swift; sourceTree = "<group>"; };
		BCA52CAE29E6B99F003437E6 /* UIButton.storyboard */ = {isa = PBXFileReference; lastKnownFileType = file.storyboard; path = UIButton.storyboard; sourceTree = "<group>"; };
		BCAC393C2A0269540095A377 /* ActivityIndicator.storyboard */ = {isa = PBXFileReference; lastKnownFileType = file.storyboard; path = ActivityIndicator.storyboard; sourceTree = "<group>"; };
		BCAC393E2A0269700095A377 /* ActivityIndicatorVC.swift */ = {isa = PBXFileReference; lastKnownFileType = sourcecode.swift; path = ActivityIndicatorVC.swift; sourceTree = "<group>"; };
		BCAC39412A02849E0095A377 /* SearchBarVC.swift */ = {isa = PBXFileReference; lastKnownFileType = sourcecode.swift; path = SearchBarVC.swift; sourceTree = "<group>"; };
		BCAC39432A0284A80095A377 /* SearchBar.storyboard */ = {isa = PBXFileReference; lastKnownFileType = file.storyboard; path = SearchBar.storyboard; sourceTree = "<group>"; };
		BCAC39452A0286DF0095A377 /* MovieListingTVCell.swift */ = {isa = PBXFileReference; lastKnownFileType = sourcecode.swift; path = MovieListingTVCell.swift; sourceTree = "<group>"; };
		BCCABFD92A04D55E000BDEB5 /* UIPickerView.storyboard */ = {isa = PBXFileReference; lastKnownFileType = file.storyboard; path = UIPickerView.storyboard; sourceTree = "<group>"; };
		BCCABFDB2A04D571000BDEB5 /* UIPickerViewVC.swift */ = {isa = PBXFileReference; lastKnownFileType = sourcecode.swift; path = UIPickerViewVC.swift; sourceTree = "<group>"; };
		BCCABFDE2A04FE23000BDEB5 /* UIDatePicker.storyboard */ = {isa = PBXFileReference; lastKnownFileType = file.storyboard; path = UIDatePicker.storyboard; sourceTree = "<group>"; };
		BCCABFE02A04FE41000BDEB5 /* UIDatePickerVC.swift */ = {isa = PBXFileReference; lastKnownFileType = sourcecode.swift; path = UIDatePickerVC.swift; sourceTree = "<group>"; };
		BCCABFE32A05192C000BDEB5 /* MKMapView.storyboard */ = {isa = PBXFileReference; lastKnownFileType = file.storyboard; path = MKMapView.storyboard; sourceTree = "<group>"; };
		BCCABFE52A05193D000BDEB5 /* MKMapViewVC.swift */ = {isa = PBXFileReference; lastKnownFileType = sourcecode.swift; path = MKMapViewVC.swift; sourceTree = "<group>"; };
		BCCABFE72A052AA0000BDEB5 /* UITextField+Extension.swift */ = {isa = PBXFileReference; lastKnownFileType = sourcecode.swift; path = "UITextField+Extension.swift"; sourceTree = "<group>"; };
		BCD340F129FF7BB100AFA19A /* MovieCollectionViewCell.swift */ = {isa = PBXFileReference; lastKnownFileType = sourcecode.swift; path = MovieCollectionViewCell.swift; sourceTree = "<group>"; };
		BCD340F629FFAC2E00AFA19A /* OTTScreen.storyboard */ = {isa = PBXFileReference; lastKnownFileType = file.storyboard; path = OTTScreen.storyboard; sourceTree = "<group>"; };
		BCD340F829FFAC5200AFA19A /* OTTViewController.swift */ = {isa = PBXFileReference; lastKnownFileType = sourcecode.swift; path = OTTViewController.swift; sourceTree = "<group>"; };
		BCD340FE29FFBD9500AFA19A /* MovieCatalogTVCell.swift */ = {isa = PBXFileReference; lastKnownFileType = sourcecode.swift; path = MovieCatalogTVCell.swift; sourceTree = "<group>"; };
		BCD340FF29FFBD9500AFA19A /* MovieCatalogTVCell.xib */ = {isa = PBXFileReference; lastKnownFileType = file.xib; path = MovieCatalogTVCell.xib; sourceTree = "<group>"; };
		BCD3410629FFC5DD00AFA19A /* MovieCVCell.swift */ = {isa = PBXFileReference; lastKnownFileType = sourcecode.swift; path = MovieCVCell.swift; sourceTree = "<group>"; };
		BCD3410729FFC5DD00AFA19A /* MovieCVCell.xib */ = {isa = PBXFileReference; lastKnownFileType = file.xib; path = MovieCVCell.xib; sourceTree = "<group>"; };
		BCD3410A29FFC85600AFA19A /* MovieCatalog.swift */ = {isa = PBXFileReference; lastKnownFileType = sourcecode.swift; path = MovieCatalog.swift; sourceTree = "<group>"; };
		BCD3410D29FFD07D00AFA19A /* MoviesData.swift */ = {isa = PBXFileReference; lastKnownFileType = sourcecode.swift; path = MoviesData.swift; sourceTree = "<group>"; };
		BCD732BA29E81ADD0045032D /* UITextField.storyboard */ = {isa = PBXFileReference; lastKnownFileType = file.storyboard; path = UITextField.storyboard; sourceTree = "<group>"; };
		BCD732BD29E81B090045032D /* UITextFieldVC.swift */ = {isa = PBXFileReference; lastKnownFileType = sourcecode.swift; path = UITextFieldVC.swift; sourceTree = "<group>"; };
		BCD732C029E824650045032D /* UITextViewVC.swift */ = {isa = PBXFileReference; lastKnownFileType = sourcecode.swift; path = UITextViewVC.swift; sourceTree = "<group>"; };
		BCD732C229E8248F0045032D /* UITextView.storyboard */ = {isa = PBXFileReference; lastKnownFileType = file.storyboard; path = UITextView.storyboard; sourceTree = "<group>"; };
		BCE1A9B12A14E18A0055219A /* GolfScreens.storyboard */ = {isa = PBXFileReference; lastKnownFileType = file.storyboard; path = GolfScreens.storyboard; sourceTree = "<group>"; };
		BCE1A9B32A14E2220055219A /* GolfHomeScreenVC.swift */ = {isa = PBXFileReference; lastKnownFileType = sourcecode.swift; path = GolfHomeScreenVC.swift; sourceTree = "<group>"; };
		BCE756EA2A133C3500E13B38 /* VC4.swift */ = {isa = PBXFileReference; lastKnownFileType = sourcecode.swift; path = VC4.swift; sourceTree = "<group>"; };
		BCE756EC2A13579D00E13B38 /* UIComponentsNavigationVC.swift */ = {isa = PBXFileReference; lastKnownFileType = sourcecode.swift; name = UIComponentsNavigationVC.swift; path = DemoApp/UIComponentsNavigationVC.swift; sourceTree = SOURCE_ROOT; };
		BCE756F42A13706300E13B38 /* NavigationTVCell.swift */ = {isa = PBXFileReference; lastKnownFileType = sourcecode.swift; path = NavigationTVCell.swift; sourceTree = "<group>"; };
		BCEF05B329F0EE4000B8DA0C /* FormTextField.xib */ = {isa = PBXFileReference; lastKnownFileType = file.xib; path = FormTextField.xib; sourceTree = "<group>"; };
		BCEF05B529F0EE6F00B8DA0C /* FormTextField.swift */ = {isa = PBXFileReference; lastKnownFileType = sourcecode.swift; path = FormTextField.swift; sourceTree = "<group>"; };
		BCEF05B829F10D0800B8DA0C /* CircularImageView.swift */ = {isa = PBXFileReference; lastKnownFileType = sourcecode.swift; path = CircularImageView.swift; sourceTree = "<group>"; };
		BCEF05BA29F12E9800B8DA0C /* UIView+Extension.swift */ = {isa = PBXFileReference; lastKnownFileType = sourcecode.swift; path = "UIView+Extension.swift"; sourceTree = "<group>"; };
		BCF4CDF22A11F16C00B22704 /* FourthVC.swift */ = {isa = PBXFileReference; lastKnownFileType = sourcecode.swift; path = FourthVC.swift; sourceTree = "<group>"; };
		BCF4CDF82A12037B00B22704 /* SecondVC.swift */ = {isa = PBXFileReference; lastKnownFileType = sourcecode.swift; path = SecondVC.swift; sourceTree = "<group>"; };
		BCF4CDFC2A124F7E00B22704 /* VC3.swift */ = {isa = PBXFileReference; lastKnownFileType = sourcecode.swift; path = VC3.swift; sourceTree = "<group>"; };
		BCF4CDFE2A12568800B22704 /* VC1.swift */ = {isa = PBXFileReference; lastKnownFileType = sourcecode.swift; path = VC1.swift; sourceTree = "<group>"; };
		BCF4CE002A1256B400B22704 /* VC2.swift */ = {isa = PBXFileReference; lastKnownFileType = sourcecode.swift; path = VC2.swift; sourceTree = "<group>"; };
/* End PBXFileReference section */

/* Begin PBXFrameworksBuildPhase section */
		BC42363E29DBE5BA00CB1DC0 /* Frameworks */ = {
			isa = PBXFrameworksBuildPhase;
			buildActionMask = 2147483647;
			files = (
				BCD3411129FFDF7300AFA19A /* SDWebImage in Frameworks */,
				BC7F3C7F29F2A56A001ABCE7 /* SPIndicator in Frameworks */,
			);
			runOnlyForDeploymentPostprocessing = 0;
		};
/* End PBXFrameworksBuildPhase section */

/* Begin PBXGroup section */
		BC0202092A17369D0027B170 /* Extensions */ = {
			isa = PBXGroup;
			children = (
				BC02020C2A1738760027B170 /* UIViewExtensions.swift */,
				BC0202132A17A2070027B170 /* CALayerExtensions.swift */,
			);
			path = Extensions;
			sourceTree = "<group>";
		};
		BC06B4EB2A0E31DA00DCE719 /* UINavigation */ = {
			isa = PBXGroup;
			children = (
				BC06B4EC2A0E31F400DCE719 /* UINavigation.storyboard */,
				BCF4CDFC2A124F7E00B22704 /* VC3.swift */,
				BCF4CDFE2A12568800B22704 /* VC1.swift */,
				BCF4CDF82A12037B00B22704 /* SecondVC.swift */,
				BCF4CDF22A11F16C00B22704 /* FourthVC.swift */,
				BC06B4EE2A0E329800DCE719 /* UINavigationVC.swift */,
				BC06B4F02A0E592900DCE719 /* PracticeNavigationController.swift */,
				BC06B4F22A0E5FAA00DCE719 /* PracticeNavigationRootVC.swift */,
				BCF4CE002A1256B400B22704 /* VC2.swift */,
				BCE756EA2A133C3500E13B38 /* VC4.swift */,
			);
			path = UINavigation;
			sourceTree = "<group>";
		};
		BC177A3A29F0200600F1C638 /* CustomComponents */ = {
			isa = PBXGroup;
			children = (
				BC4E504D29ED268800C0AC9D /* fonts */,
				BCEF05B729F108ED00B8DA0C /* CircularImage */,
				BC177A3B29F0203300F1C638 /* FormTextField */,
			);
			path = CustomComponents;
			sourceTree = "<group>";
		};
		BC177A3B29F0203300F1C638 /* FormTextField */ = {
			isa = PBXGroup;
			children = (
				BCEF05B329F0EE4000B8DA0C /* FormTextField.xib */,
				BCEF05B529F0EE6F00B8DA0C /* FormTextField.swift */,
			);
			path = FormTextField;
			sourceTree = "<group>";
		};
		BC42363829DBE5BA00CB1DC0 = {
			isa = PBXGroup;
			children = (
				BC42364329DBE5BA00CB1DC0 /* DemoApp */,
				BC42364229DBE5BA00CB1DC0 /* Products */,
			);
			sourceTree = "<group>";
		};
		BC42364229DBE5BA00CB1DC0 /* Products */ = {
			isa = PBXGroup;
			children = (
				BC42364129DBE5BA00CB1DC0 /* DemoApp.app */,
			);
			name = Products;
			sourceTree = "<group>";
		};
		BC42364329DBE5BA00CB1DC0 /* DemoApp */ = {
			isa = PBXGroup;
			children = (
				BCE1A9B02A14E16C0055219A /* GolfScreens */,
				BC06B4EB2A0E31DA00DCE719 /* UINavigation */,
				BC8D98CC2A03C7610097F2EE /* wkwebview.pdf */,
				BCD3410C29FFCF9E00AFA19A /* Data */,
				BC70743029F7FE6B00F443FB /* Models */,
				BC6B43B529F25B43007607C4 /* DemoApp.entitlements */,
				BC6B43B229F2448E007607C4 /* Utils */,
				BC177A3A29F0200600F1C638 /* CustomComponents */,
				BCA52CA229E68E81003437E6 /* Extensions */,
				BCA52C9E29E68054003437E6 /* UIComponents */,
				BCA52CA029E68397003437E6 /* Storyboards */,
				BC42364429DBE5BA00CB1DC0 /* AppDelegate.swift */,
				BCA52CA529E68F96003437E6 /* Storyboard.swift */,
				BCE756F42A13706300E13B38 /* NavigationTVCell.swift */,
				BC42364629DBE5BA00CB1DC0 /* SceneDelegate.swift */,
				BCE756EC2A13579D00E13B38 /* UIComponentsNavigationVC.swift */,
				BC42364D29DBE5BB00CB1DC0 /* Assets.xcassets */,
				BC42365229DBE5BB00CB1DC0 /* Info.plist */,
			);
			path = DemoApp;
			sourceTree = "<group>";
		};
		BC4E504D29ED268800C0AC9D /* fonts */ = {
			isa = PBXGroup;
			children = (
				BC4E505929ED26D900C0AC9D /* Roboto-Bold.ttf */,
				BC4E505829ED26D900C0AC9D /* Roboto-Italic.ttf */,
				BC4E505229ED26D800C0AC9D /* Roboto-Light.ttf */,
				BC4E505729ED26D900C0AC9D /* Roboto-Regular.ttf */,
			);
			path = fonts;
			sourceTree = "<group>";
		};
		BC4E506629ED6DEC00C0AC9D /* UISwitch */ = {
			isa = PBXGroup;
			children = (
				BC4E506729ED6E2400C0AC9D /* UISwitch.storyboard */,
				BC4E506929ED6E3E00C0AC9D /* UISwitchVC.swift */,
			);
			path = UISwitch;
			sourceTree = "<group>";
		};
		BC4E506B29ED764F00C0AC9D /* UISlider */ = {
			isa = PBXGroup;
			children = (
				BC4E506C29ED766F00C0AC9D /* UISlider.storyboard */,
				BC4E506E29ED768100C0AC9D /* UISliderVC.swift */,
			);
			path = UISlider;
			sourceTree = "<group>";
		};
		BC59940E29EE69DD00EFF4D2 /* UIProgressView */ = {
			isa = PBXGroup;
			children = (
				BC59940F29EE6A0500EFF4D2 /* UIProgressVC.swift */,
				BC59941129EE6A1400EFF4D2 /* UIProgressView.storyboard */,
			);
			path = UIProgressView;
			sourceTree = "<group>";
		};
		BC59941329EE6CAB00EFF4D2 /* UISegmentedControl */ = {
			isa = PBXGroup;
			children = (
				BC59941429EE714100EFF4D2 /* UISegmentedControl.storyboard */,
				BC59941829EE717100EFF4D2 /* UISegmentedControlVC.swift */,
			);
			path = UISegmentedControl;
			sourceTree = "<group>";
		};
		BC59941A29EE87AB00EFF4D2 /* UIPageControl */ = {
			isa = PBXGroup;
			children = (
				BC59941B29EE87B900EFF4D2 /* UIPageViewController.storyboard */,
				BC59941F29EE929C00EFF4D2 /* MainPageViewController.swift */,
				BC59942129EE93C400EFF4D2 /* PinkViewController.swift */,
				BC59942329EE93D100EFF4D2 /* YellowViewController.swift */,
				BC94E41F29EFAC670057CB70 /* ContainerViewController.swift */,
			);
			path = UIPageControl;
			sourceTree = "<group>";
		};
		BC59942529EEB1B700EFF4D2 /* UIStepper */ = {
			isa = PBXGroup;
			children = (
				BC59942629EEB1CA00EFF4D2 /* UIStepper.storyboard */,
				BC59942A29EEB2CC00EFF4D2 /* UIStepperVC.swift */,
			);
			path = UIStepper;
			sourceTree = "<group>";
		};
		BC59942C29EEC18900EFF4D2 /* ImageView */ = {
			isa = PBXGroup;
			children = (
				BC59942D29EEC1AB00EFF4D2 /* ImageViewVC.swift */,
				BC59942F29EEC1B900EFF4D2 /* ImageView.storyboard */,
			);
			path = ImageView;
			sourceTree = "<group>";
		};
		BC6B43B229F2448E007607C4 /* Utils */ = {
			isa = PBXGroup;
			children = (
				BC6B43B329F244C6007607C4 /* Validator.swift */,
			);
			path = Utils;
			sourceTree = "<group>";
		};
		BC6CA9E02A15E2A5001F8B97 /* Model */ = {
			isa = PBXGroup;
			children = (
				BC6CA9E12A15E2BC001F8B97 /* GolfGame.swift */,
			);
			path = Model;
			sourceTree = "<group>";
		};
		BC6CA9E32A15E2EE001F8B97 /* Constants */ = {
			isa = PBXGroup;
			children = (
				BC6CA9E42A15E306001F8B97 /* Constants.swift */,
			);
			path = Constants;
			sourceTree = "<group>";
		};
		BC6CA9F62A166C43001F8B97 /* ViewControllers */ = {
			isa = PBXGroup;
			children = (
				BCE1A9B32A14E2220055219A /* GolfHomeScreenVC.swift */,
				BC4928472A1CCD4500C5CDC7 /* AdjustableTextViewDemoVC.swift */,
			);
			path = ViewControllers;
			sourceTree = "<group>";
		};
		BC6CA9F72A166C50001F8B97 /* Storyboards */ = {
			isa = PBXGroup;
			children = (
				BCE1A9B12A14E18A0055219A /* GolfScreens.storyboard */,
			);
			path = Storyboards;
			sourceTree = "<group>";
		};
		BC70742F29F7FB6E00F443FB /* Cell */ = {
			isa = PBXGroup;
			children = (
				BC70743529F8038D00F443FB /* FriendTableViewCell.swift */,
				BC70743629F8038D00F443FB /* FriendTableViewCell.xib */,
				BC78C3B729FB8E2500EBAA40 /* SectionHeaderView.swift */,
				BC78C3B929FB8E3E00EBAA40 /* SectionHeaderView.xib */,
			);
			path = Cell;
			sourceTree = "<group>";
		};
		BC70743029F7FE6B00F443FB /* Models */ = {
			isa = PBXGroup;
			children = (
				BC70743129F7FE8A00F443FB /* Friend.swift */,
				BC78C3C429FBF43C00EBAA40 /* Movie.swift */,
				BCD3410A29FFC85600AFA19A /* MovieCatalog.swift */,
				BC387C702A093664002276F2 /* Wonder.swift */,
			);
			path = Models;
			sourceTree = "<group>";
		};
		BC75CAB62A023E61005FF13B /* StackView */ = {
			isa = PBXGroup;
			children = (
				BC75CAB72A023EA2005FF13B /* StackViewVC.swift */,
				BC75CAB92A023EBF005FF13B /* StackView.storyboard */,
			);
			path = StackView;
			sourceTree = "<group>";
		};
		BC78C3BB29FBD2B700EBAA40 /* CollectionView */ = {
			isa = PBXGroup;
			children = (
				BC78C3BC29FBD2CB00EBAA40 /* CollectionView.storyboard */,
				BC78C3BE29FBD31D00EBAA40 /* CollectionViewVC.swift */,
				BCD340F129FF7BB100AFA19A /* MovieCollectionViewCell.swift */,
			);
			path = CollectionView;
			sourceTree = "<group>";
		};
		BC7C1EC729F78447009A8228 /* FriendsList */ = {
			isa = PBXGroup;
			children = (
				BC70742F29F7FB6E00F443FB /* Cell */,
				BC7C1EC829F78481009A8228 /* AddFriendVC.swift */,
				BC7C1ECA29F784E1009A8228 /* FriendsListVC.swift */,
			);
			path = FriendsList;
			sourceTree = "<group>";
		};
		BC8D98BD2A03A5020097F2EE /* UITabBar */ = {
			isa = PBXGroup;
			children = (
				BC8D98BE2A03A5450097F2EE /* UITabBar.storyboard */,
				BC8D98C02A03A5850097F2EE /* UITabBarVC.swift */,
			);
			path = UITabBar;
			sourceTree = "<group>";
		};
		BC8D98C22A03B3240097F2EE /* WKWebView */ = {
			isa = PBXGroup;
			children = (
				BC8D98C42A03B33C0097F2EE /* WKWebView.storyboard */,
				BC8D98C62A03B3980097F2EE /* WKWebVC.swift */,
				BC8D98C82A03C1D10097F2EE /* PdfViewerVC.swift */,
				BC8D98CA2A03C6950097F2EE /* WKWebViewTabBarVC.swift */,
			);
			path = WKWebView;
			sourceTree = "<group>";
		};
		BC8D98CE2A03DB1E0097F2EE /* UIToolbar */ = {
			isa = PBXGroup;
			children = (
				BC8D98CF2A03DB370097F2EE /* UIToolBar.storyboard */,
				BC8D98D12A03DB610097F2EE /* UIToolBarVC.swift */,
			);
			path = UIToolbar;
			sourceTree = "<group>";
		};
		BC94E42129EFE4670057CB70 /* ScrollView */ = {
			isa = PBXGroup;
			children = (
				BC94E42229EFE4830057CB70 /* ScrollViewVC.swift */,
				BC94E42429EFE4920057CB70 /* ScrollView.storyboard */,
			);
			path = ScrollView;
			sourceTree = "<group>";
		};
		BC94E42629EFF6130057CB70 /* Task1 */ = {
			isa = PBXGroup;
			children = (
				BC94E42729EFF63B0057CB70 /* Task1.storyboard */,
				BC94E42929EFF6540057CB70 /* Task1VC.swift */,
				BC94E42B29EFFEB50057CB70 /* AuthPageViewController.swift */,
				BC94E42D29EFFF120057CB70 /* SignUpViewController.swift */,
				BC94E42F29F004170057CB70 /* LoginViewController.swift */,
			);
			path = Task1;
			sourceTree = "<group>";
		};
		BC965EE129F646C400945631 /* TableView */ = {
			isa = PBXGroup;
			children = (
				BC7C1EC729F78447009A8228 /* FriendsList */,
				BC965EF229F6AF1F00945631 /* SessionPractice */,
				BC965EE229F646ED00945631 /* TableView.storyboard */,
				BC965EE429F6471A00945631 /* TableViewVC.swift */,
			);
			path = TableView;
			sourceTree = "<group>";
		};
		BC965EF229F6AF1F00945631 /* SessionPractice */ = {
			isa = PBXGroup;
			children = (
				BC965EE629F6516C00945631 /* TableContentVC.swift */,
				BC965EE829F65CEE00945631 /* IndexTableViewCell.swift */,
				BC965EE929F65CEE00945631 /* IndexTableViewCell.xib */,
				BC965EEC29F67F7700945631 /* Multiple5TableViewCell.swift */,
				BC965EED29F67F7700945631 /* Multiple5TableViewCell.xib */,
				BC965EF029F68ECD00945631 /* SectionFooterView.swift */,
			);
			path = SessionPractice;
			sourceTree = "<group>";
		};
		BCA52C9E29E68054003437E6 /* UIComponents */ = {
			isa = PBXGroup;
			children = (
				BCD340F529FFABE000AFA19A /* OTTScreen */,
				BCCABFE22A05190C000BDEB5 /* MKMapView */,
				BCCABFDD2A04FE04000BDEB5 /* UIDatePicker */,
				BCCABFD82A04D545000BDEB5 /* UIPickerView */,
				BC8D98CE2A03DB1E0097F2EE /* UIToolbar */,
				BC8D98C22A03B3240097F2EE /* WKWebView */,
				BC8D98BD2A03A5020097F2EE /* UITabBar */,
				BCAC39402A02847B0095A377 /* SearchBar */,
				BC75CAB62A023E61005FF13B /* StackView */,
				BC78C3BB29FBD2B700EBAA40 /* CollectionView */,
				BC965EE129F646C400945631 /* TableView */,
				BC94E42629EFF6130057CB70 /* Task1 */,
				BC94E42129EFE4670057CB70 /* ScrollView */,
				BC59942C29EEC18900EFF4D2 /* ImageView */,
				BC59942529EEB1B700EFF4D2 /* UIStepper */,
				BC59941A29EE87AB00EFF4D2 /* UIPageControl */,
				BC59941329EE6CAB00EFF4D2 /* UISegmentedControl */,
				BC59940E29EE69DD00EFF4D2 /* UIProgressView */,
				BCAC393B2A02692C0095A377 /* Activityindicator */,
				BC4E506B29ED764F00C0AC9D /* UISlider */,
				BC4E506629ED6DEC00C0AC9D /* UISwitch */,
				BCD732BF29E8244C0045032D /* UITextView */,
				BCD732B929E81ABD0045032D /* UITextField */,
				BCA52CAB29E6B95D003437E6 /* UIButton */,
				BCA52CA129E683BE003437E6 /* UILabel */,
			);
			path = UIComponents;
			sourceTree = "<group>";
		};
		BCA52CA029E68397003437E6 /* Storyboards */ = {
			isa = PBXGroup;
			children = (
				BC42364F29DBE5BB00CB1DC0 /* LaunchScreen.storyboard */,
				BC42364A29DBE5BA00CB1DC0 /* Main.storyboard */,
			);
			path = Storyboards;
			sourceTree = "<group>";
		};
		BCA52CA129E683BE003437E6 /* UILabel */ = {
			isa = PBXGroup;
			children = (
				BCA52CA729E69001003437E6 /* UILabel.storyboard */,
				BCA52CA929E69041003437E6 /* UILabelVC.swift */,
			);
			path = UILabel;
			sourceTree = "<group>";
		};
		BCA52CA229E68E81003437E6 /* Extensions */ = {
			isa = PBXGroup;
			children = (
				BCA52CA329E68EAC003437E6 /* UIViewController+Extension.swift */,
				BC4E507029ED7F4300C0AC9D /* UIFont+Extension.swift */,
				BC59940C29EE522700EFF4D2 /* UITextView+Extension.swift */,
				BCEF05BA29F12E9800B8DA0C /* UIView+Extension.swift */,
				BC6D98E22A013131008FB9A0 /* UICollectionView+Extension.swift */,
				BC75CAB12A02254B005FF13B /* UIImage+Extension.swift */,
				BCCABFE72A052AA0000BDEB5 /* UITextField+Extension.swift */,
			);
			path = Extensions;
			sourceTree = "<group>";
		};
		BCA52CAB29E6B95D003437E6 /* UIButton */ = {
			isa = PBXGroup;
			children = (
				BCA52CAC29E6B976003437E6 /* UIButtonVC.swift */,
				BCA52CAE29E6B99F003437E6 /* UIButton.storyboard */,
			);
			path = UIButton;
			sourceTree = "<group>";
		};
		BCAC393B2A02692C0095A377 /* Activityindicator */ = {
			isa = PBXGroup;
			children = (
				BCAC393C2A0269540095A377 /* ActivityIndicator.storyboard */,
				BCAC393E2A0269700095A377 /* ActivityIndicatorVC.swift */,
			);
			path = Activityindicator;
			sourceTree = "<group>";
		};
		BCAC39402A02847B0095A377 /* SearchBar */ = {
			isa = PBXGroup;
			children = (
				BCAC39412A02849E0095A377 /* SearchBarVC.swift */,
				BCAC39432A0284A80095A377 /* SearchBar.storyboard */,
				BCAC39452A0286DF0095A377 /* MovieListingTVCell.swift */,
			);
			path = SearchBar;
			sourceTree = "<group>";
		};
		BCCABFD82A04D545000BDEB5 /* UIPickerView */ = {
			isa = PBXGroup;
			children = (
				BCCABFD92A04D55E000BDEB5 /* UIPickerView.storyboard */,
				BCCABFDB2A04D571000BDEB5 /* UIPickerViewVC.swift */,
			);
			path = UIPickerView;
			sourceTree = "<group>";
		};
		BCCABFDD2A04FE04000BDEB5 /* UIDatePicker */ = {
			isa = PBXGroup;
			children = (
				BCCABFDE2A04FE23000BDEB5 /* UIDatePicker.storyboard */,
				BCCABFE02A04FE41000BDEB5 /* UIDatePickerVC.swift */,
			);
			path = UIDatePicker;
			sourceTree = "<group>";
		};
		BCCABFE22A05190C000BDEB5 /* MKMapView */ = {
			isa = PBXGroup;
			children = (
				BCCABFE32A05192C000BDEB5 /* MKMapView.storyboard */,
				BCCABFE52A05193D000BDEB5 /* MKMapViewVC.swift */,
				BC387C6A2A0908ED002276F2 /* MyAnnotation.swift */,
				BC387C6C2A0924DB002276F2 /* MapTabBarVC.swift */,
				BC387C6E2A093202002276F2 /* SevenWondersVC.swift */,
				BC7781F72A0A2A3900631C41 /* WonderAnnotation.swift */,
			);
			path = MKMapView;
			sourceTree = "<group>";
		};
		BCD340F529FFABE000AFA19A /* OTTScreen */ = {
			isa = PBXGroup;
			children = (
				BCD340F629FFAC2E00AFA19A /* OTTScreen.storyboard */,
				BCD340F829FFAC5200AFA19A /* OTTViewController.swift */,
				BCD340FE29FFBD9500AFA19A /* MovieCatalogTVCell.swift */,
				BCD340FF29FFBD9500AFA19A /* MovieCatalogTVCell.xib */,
				BCD3410629FFC5DD00AFA19A /* MovieCVCell.swift */,
				BCD3410729FFC5DD00AFA19A /* MovieCVCell.xib */,
				BC6D98D42A00EA71008FB9A0 /* MovieHeaderView.swift */,
				BC6D98DC2A011CDE008FB9A0 /* MovieHeaderView.xib */,
				BC6D98DE2A0121D9008FB9A0 /* MovieHeaderCVCell.swift */,
				BC6D98DF2A0121D9008FB9A0 /* MovieHeaderCVCell.xib */,
			);
			path = OTTScreen;
			sourceTree = "<group>";
		};
		BCD3410C29FFCF9E00AFA19A /* Data */ = {
			isa = PBXGroup;
			children = (
				BCD3410D29FFD07D00AFA19A /* MoviesData.swift */,
			);
			path = Data;
			sourceTree = "<group>";
		};
		BCD732B929E81ABD0045032D /* UITextField */ = {
			isa = PBXGroup;
			children = (
				BCD732BA29E81ADD0045032D /* UITextField.storyboard */,
				BCD732BD29E81B090045032D /* UITextFieldVC.swift */,
			);
			path = UITextField;
			sourceTree = "<group>";
		};
		BCD732BF29E8244C0045032D /* UITextView */ = {
			isa = PBXGroup;
			children = (
				BCD732C029E824650045032D /* UITextViewVC.swift */,
				BCD732C229E8248F0045032D /* UITextView.storyboard */,
			);
			path = UITextView;
			sourceTree = "<group>";
		};
		BCE1A9B02A14E16C0055219A /* GolfScreens */ = {
			isa = PBXGroup;
			children = (
				BC0202092A17369D0027B170 /* Extensions */,
				BC6CA9E32A15E2EE001F8B97 /* Constants */,
				BC6CA9E02A15E2A5001F8B97 /* Model */,
				BC6CA9F72A166C50001F8B97 /* Storyboards */,
				BC6CA9F62A166C43001F8B97 /* ViewControllers */,
				BC1763542A15054800C26545 /* GolfHomeHeaderView.xib */,
				BC1763522A15049800C26545 /* GolfHomeHeaderView.swift */,
				BC1763562A150AF100C26545 /* GolfGameTypeView.xib */,
				BC1763582A150E7300C26545 /* GolfGameTypeView.swift */,
				BC6CA9EC2A16186D001F8B97 /* GameStatusView.xib */,
				BC6CA9EA2A1617C5001F8B97 /* GameStatusView.swift */,
				BC6CA9EF2A1632C4001F8B97 /* PlayerTVCell.xib */,
				BC6CA9EE2A1632C4001F8B97 /* PlayerTVCell.swift */,
				BC6CA9F42A163DB7001F8B97 /* GroupHeaderView.xib */,
				BC6CA9F22A163CDD001F8B97 /* GroupHeaderView.swift */,
			);
			path = GolfScreens;
			sourceTree = "<group>";
		};
		BCEF05B729F108ED00B8DA0C /* CircularImage */ = {
			isa = PBXGroup;
			children = (
				BCEF05B829F10D0800B8DA0C /* CircularImageView.swift */,
			);
			path = CircularImage;
			sourceTree = "<group>";
		};
/* End PBXGroup section */

/* Begin PBXNativeTarget section */
		BC42364029DBE5BA00CB1DC0 /* DemoApp */ = {
			isa = PBXNativeTarget;
			buildConfigurationList = BC42365529DBE5BB00CB1DC0 /* Build configuration list for PBXNativeTarget "DemoApp" */;
			buildPhases = (
				BC42363D29DBE5BA00CB1DC0 /* Sources */,
				BC42363E29DBE5BA00CB1DC0 /* Frameworks */,
				BC42363F29DBE5BA00CB1DC0 /* Resources */,
			);
			buildRules = (
			);
			dependencies = (
			);
			name = DemoApp;
			packageProductDependencies = (
				BC7F3C7E29F2A56A001ABCE7 /* SPIndicator */,
				BCD3411029FFDF7300AFA19A /* SDWebImage */,
			);
			productName = DemoApp;
			productReference = BC42364129DBE5BA00CB1DC0 /* DemoApp.app */;
			productType = "com.apple.product-type.application";
		};
/* End PBXNativeTarget section */

/* Begin PBXProject section */
		BC42363929DBE5BA00CB1DC0 /* Project object */ = {
			isa = PBXProject;
			attributes = {
				BuildIndependentTargetsInParallel = 1;
				LastSwiftUpdateCheck = 1420;
				LastUpgradeCheck = 1420;
				TargetAttributes = {
					BC42364029DBE5BA00CB1DC0 = {
						CreatedOnToolsVersion = 14.2;
					};
				};
			};
			buildConfigurationList = BC42363C29DBE5BA00CB1DC0 /* Build configuration list for PBXProject "DemoApp" */;
			compatibilityVersion = "Xcode 14.0";
			developmentRegion = en;
			hasScannedForEncodings = 0;
			knownRegions = (
				en,
				Base,
			);
			mainGroup = BC42363829DBE5BA00CB1DC0;
			packageReferences = (
				BC7F3C7D29F2A56A001ABCE7 /* XCRemoteSwiftPackageReference "SPIndicator" */,
				BCD3410F29FFDF7300AFA19A /* XCRemoteSwiftPackageReference "SDWebImage" */,
				BC02020E2A176ADC0027B170 /* XCRemoteSwiftPackageReference "UIView-Borders-Swift" */,
			);
			productRefGroup = BC42364229DBE5BA00CB1DC0 /* Products */;
			projectDirPath = "";
			projectRoot = "";
			targets = (
				BC42364029DBE5BA00CB1DC0 /* DemoApp */,
			);
		};
/* End PBXProject section */

/* Begin PBXResourcesBuildPhase section */
		BC42363F29DBE5BA00CB1DC0 /* Resources */ = {
			isa = PBXResourcesBuildPhase;
			buildActionMask = 2147483647;
			files = (
				BCAC39442A0284A80095A377 /* SearchBar.storyboard in Resources */,
				BC4E506529ED26D900C0AC9D /* Roboto-Bold.ttf in Resources */,
				BCAC393D2A0269540095A377 /* ActivityIndicator.storyboard in Resources */,
				BC94E42529EFE4920057CB70 /* ScrollView.storyboard in Resources */,
				BC4E506429ED26D900C0AC9D /* Roboto-Italic.ttf in Resources */,
				BC42365129DBE5BB00CB1DC0 /* LaunchScreen.storyboard in Resources */,
				BC965EE329F646ED00945631 /* TableView.storyboard in Resources */,
				BC42364E29DBE5BB00CB1DC0 /* Assets.xcassets in Resources */,
				BC4E505E29ED26D900C0AC9D /* Roboto-Light.ttf in Resources */,
				BC78C3BA29FB8E3E00EBAA40 /* SectionHeaderView.xib in Resources */,
				BCCABFE42A05192C000BDEB5 /* MKMapView.storyboard in Resources */,
				BC06B4ED2A0E31F400DCE719 /* UINavigation.storyboard in Resources */,
				BC6D98E12A0121D9008FB9A0 /* MovieHeaderCVCell.xib in Resources */,
				BC6D98DD2A011CDE008FB9A0 /* MovieHeaderView.xib in Resources */,
				BCCABFDF2A04FE23000BDEB5 /* UIDatePicker.storyboard in Resources */,
				BC8D98BF2A03A5450097F2EE /* UITabBar.storyboard in Resources */,
				BC6CA9F52A163DB7001F8B97 /* GroupHeaderView.xib in Resources */,
				BCE1A9B22A14E18A0055219A /* GolfScreens.storyboard in Resources */,
				BCCABFDA2A04D55E000BDEB5 /* UIPickerView.storyboard in Resources */,
				BCA52CAF29E6B99F003437E6 /* UIButton.storyboard in Resources */,
				BC59942729EEB1CA00EFF4D2 /* UIStepper.storyboard in Resources */,
				BCD732C329E8248F0045032D /* UITextView.storyboard in Resources */,
				BC8D98C52A03B33C0097F2EE /* WKWebView.storyboard in Resources */,
				BC4E506D29ED766F00C0AC9D /* UISlider.storyboard in Resources */,
				BC78C3BD29FBD2CB00EBAA40 /* CollectionView.storyboard in Resources */,
				BC6CA9F12A1632C4001F8B97 /* PlayerTVCell.xib in Resources */,
				BC1763572A150AF100C26545 /* GolfGameTypeView.xib in Resources */,
				BCD3410929FFC5DD00AFA19A /* MovieCVCell.xib in Resources */,
				BC8D98CD2A03C7620097F2EE /* wkwebview.pdf in Resources */,
				BCD3410129FFBD9500AFA19A /* MovieCatalogTVCell.xib in Resources */,
				BC965EEB29F65CEE00945631 /* IndexTableViewCell.xib in Resources */,
				BCEF05B429F0EE4000B8DA0C /* FormTextField.xib in Resources */,
				BC59943029EEC1B900EFF4D2 /* ImageView.storyboard in Resources */,
				BC94E42829EFF63B0057CB70 /* Task1.storyboard in Resources */,
				BC42364C29DBE5BA00CB1DC0 /* Main.storyboard in Resources */,
				BCD732BB29E81ADD0045032D /* UITextField.storyboard in Resources */,
				BC4E506329ED26D900C0AC9D /* Roboto-Regular.ttf in Resources */,
				BC59941C29EE87B900EFF4D2 /* UIPageViewController.storyboard in Resources */,
				BC59941229EE6A1400EFF4D2 /* UIProgressView.storyboard in Resources */,
				BC70743829F8038D00F443FB /* FriendTableViewCell.xib in Resources */,
				BC75CABA2A023EBF005FF13B /* StackView.storyboard in Resources */,
				BC59941529EE714100EFF4D2 /* UISegmentedControl.storyboard in Resources */,
				BC4E506829ED6E2400C0AC9D /* UISwitch.storyboard in Resources */,
				BCA52CA829E69001003437E6 /* UILabel.storyboard in Resources */,
				BC8D98D02A03DB370097F2EE /* UIToolBar.storyboard in Resources */,
				BC6CA9ED2A16186D001F8B97 /* GameStatusView.xib in Resources */,
				BCD340F729FFAC2E00AFA19A /* OTTScreen.storyboard in Resources */,
				BC965EEF29F67F7700945631 /* Multiple5TableViewCell.xib in Resources */,
				BC1763552A15054800C26545 /* GolfHomeHeaderView.xib in Resources */,
			);
			runOnlyForDeploymentPostprocessing = 0;
		};
/* End PBXResourcesBuildPhase section */

/* Begin PBXSourcesBuildPhase section */
		BC42363D29DBE5BA00CB1DC0 /* Sources */ = {
			isa = PBXSourcesBuildPhase;
			buildActionMask = 2147483647;
			files = (
				BCEF05B929F10D0800B8DA0C /* CircularImageView.swift in Sources */,
				BCF4CE012A1256B400B22704 /* VC2.swift in Sources */,
				BC94E42329EFE4830057CB70 /* ScrollViewVC.swift in Sources */,
				BC965EEA29F65CEE00945631 /* IndexTableViewCell.swift in Sources */,
				BC59942B29EEB2CC00EFF4D2 /* UIStepperVC.swift in Sources */,
				BC59941929EE717100EFF4D2 /* UISegmentedControlVC.swift in Sources */,
				BCEF05B629F0EE6F00B8DA0C /* FormTextField.swift in Sources */,
				BC70743729F8038D00F443FB /* FriendTableViewCell.swift in Sources */,
				BCD3410829FFC5DD00AFA19A /* MovieCVCell.swift in Sources */,
				BCD3410029FFBD9500AFA19A /* MovieCatalogTVCell.swift in Sources */,
				BCA52CA429E68EAC003437E6 /* UIViewController+Extension.swift in Sources */,
				BC94E42E29EFFF120057CB70 /* SignUpViewController.swift in Sources */,
				BCA52CA629E68F96003437E6 /* Storyboard.swift in Sources */,
				BC94E42C29EFFEB50057CB70 /* AuthPageViewController.swift in Sources */,
				BC6CA9F02A1632C4001F8B97 /* PlayerTVCell.swift in Sources */,
				BC6D98E02A0121D9008FB9A0 /* MovieHeaderCVCell.swift in Sources */,
				BC4E506F29ED768100C0AC9D /* UISliderVC.swift in Sources */,
				BC965EEE29F67F7700945631 /* Multiple5TableViewCell.swift in Sources */,
				BCF4CDF92A12037B00B22704 /* SecondVC.swift in Sources */,
				BCF4CDF32A11F16C00B22704 /* FourthVC.swift in Sources */,
				BC6D98E32A013131008FB9A0 /* UICollectionView+Extension.swift in Sources */,
				BC965EE729F6516C00945631 /* TableContentVC.swift in Sources */,
				BCCABFE12A04FE41000BDEB5 /* UIDatePickerVC.swift in Sources */,
				BC94E42A29EFF6540057CB70 /* Task1VC.swift in Sources */,
				BC6CA9E22A15E2BC001F8B97 /* GolfGame.swift in Sources */,
				BC387C712A093664002276F2 /* Wonder.swift in Sources */,
				BC7C1ECB29F784E1009A8228 /* FriendsListVC.swift in Sources */,
				BC8D98D22A03DB610097F2EE /* UIToolBarVC.swift in Sources */,
				BC8D98CB2A03C6950097F2EE /* WKWebViewTabBarVC.swift in Sources */,
				BCA52CAD29E6B976003437E6 /* UIButtonVC.swift in Sources */,
				BCCABFDC2A04D571000BDEB5 /* UIPickerViewVC.swift in Sources */,
				BCE1A9B42A14E2220055219A /* GolfHomeScreenVC.swift in Sources */,
				BC387C6F2A093202002276F2 /* SevenWondersVC.swift in Sources */,
				BC59942029EE929C00EFF4D2 /* MainPageViewController.swift in Sources */,
				BC06B4F12A0E592900DCE719 /* PracticeNavigationController.swift in Sources */,
				BC59941029EE6A0500EFF4D2 /* UIProgressVC.swift in Sources */,
				BC6CA9E52A15E306001F8B97 /* Constants.swift in Sources */,
				BC0202142A17A2070027B170 /* CALayerExtensions.swift in Sources */,
				BC6B43B429F244C6007607C4 /* Validator.swift in Sources */,
				BC965EF129F68ECD00945631 /* SectionFooterView.swift in Sources */,
				BC6CA9EB2A1617C5001F8B97 /* GameStatusView.swift in Sources */,
				BCCABFE82A052AA0000BDEB5 /* UITextField+Extension.swift in Sources */,
				BC6CA9F32A163CDD001F8B97 /* GroupHeaderView.swift in Sources */,
				BCCABFE62A05193D000BDEB5 /* MKMapViewVC.swift in Sources */,
				BC78C3BF29FBD31D00EBAA40 /* CollectionViewVC.swift in Sources */,
				BCA52CAA29E69041003437E6 /* UILabelVC.swift in Sources */,
				BC78C3B829FB8E2500EBAA40 /* SectionHeaderView.swift in Sources */,
				BCE756F52A13706300E13B38 /* NavigationTVCell.swift in Sources */,
				BCAC39422A02849E0095A377 /* SearchBarVC.swift in Sources */,
				BC4928482A1CCD4500C5CDC7 /* AdjustableTextViewDemoVC.swift in Sources */,
				BC4E507129ED7F4300C0AC9D /* UIFont+Extension.swift in Sources */,
				BC78C3C529FBF43C00EBAA40 /* Movie.swift in Sources */,
				BC70743229F7FE8A00F443FB /* Friend.swift in Sources */,
				BCD340F929FFAC5200AFA19A /* OTTViewController.swift in Sources */,
				BCEF05BB29F12E9800B8DA0C /* UIView+Extension.swift in Sources */,
				BCE756EB2A133C3500E13B38 /* VC4.swift in Sources */,
				BCF4CDFD2A124F7E00B22704 /* VC3.swift in Sources */,
				BC1763532A15049800C26545 /* GolfHomeHeaderView.swift in Sources */,
				BC59942E29EEC1AB00EFF4D2 /* ImageViewVC.swift in Sources */,
				BC75CAB82A023EA2005FF13B /* StackViewVC.swift in Sources */,
				BC59942229EE93C400EFF4D2 /* PinkViewController.swift in Sources */,
				BC42364529DBE5BA00CB1DC0 /* AppDelegate.swift in Sources */,
				BC4E506A29ED6E3E00C0AC9D /* UISwitchVC.swift in Sources */,
				BCE756ED2A13579D00E13B38 /* UIComponentsNavigationVC.swift in Sources */,
				BC06B4F32A0E5FAA00DCE719 /* PracticeNavigationRootVC.swift in Sources */,
				BC8D98C72A03B3980097F2EE /* WKWebVC.swift in Sources */,
				BC59940D29EE522700EFF4D2 /* UITextView+Extension.swift in Sources */,
				BCAC393F2A0269700095A377 /* ActivityIndicatorVC.swift in Sources */,
				BC02020D2A1738760027B170 /* UIViewExtensions.swift in Sources */,
				BC7781F82A0A2A3900631C41 /* WonderAnnotation.swift in Sources */,
				BC387C6B2A0908ED002276F2 /* MyAnnotation.swift in Sources */,
				BC75CAB22A02254B005FF13B /* UIImage+Extension.swift in Sources */,
				BCF4CDFF2A12568800B22704 /* VC1.swift in Sources */,
				BCD3410B29FFC85600AFA19A /* MovieCatalog.swift in Sources */,
				BC965EE529F6471A00945631 /* TableViewVC.swift in Sources */,
				BCAC39462A0286DF0095A377 /* MovieListingTVCell.swift in Sources */,
				BC06B4EF2A0E329800DCE719 /* UINavigationVC.swift in Sources */,
				BC94E42029EFAC670057CB70 /* ContainerViewController.swift in Sources */,
				BCD3410E29FFD07D00AFA19A /* MoviesData.swift in Sources */,
				BC1763592A150E7300C26545 /* GolfGameTypeView.swift in Sources */,
				BC6D98D52A00EA71008FB9A0 /* MovieHeaderView.swift in Sources */,
				BC8D98C92A03C1D10097F2EE /* PdfViewerVC.swift in Sources */,
				BC7C1EC929F78481009A8228 /* AddFriendVC.swift in Sources */,
				BCD732BE29E81B090045032D /* UITextFieldVC.swift in Sources */,
				BC42364729DBE5BA00CB1DC0 /* SceneDelegate.swift in Sources */,
				BC59942429EE93D200EFF4D2 /* YellowViewController.swift in Sources */,
				BC387C6D2A0924DB002276F2 /* MapTabBarVC.swift in Sources */,
				BCD340F229FF7BB100AFA19A /* MovieCollectionViewCell.swift in Sources */,
				BC94E43029F004170057CB70 /* LoginViewController.swift in Sources */,
				BC8D98C12A03A5850097F2EE /* UITabBarVC.swift in Sources */,
				BCD732C129E824650045032D /* UITextViewVC.swift in Sources */,
			);
			runOnlyForDeploymentPostprocessing = 0;
		};
/* End PBXSourcesBuildPhase section */

/* Begin PBXVariantGroup section */
		BC42364A29DBE5BA00CB1DC0 /* Main.storyboard */ = {
			isa = PBXVariantGroup;
			children = (
				BC42364B29DBE5BA00CB1DC0 /* Base */,
			);
			name = Main.storyboard;
			sourceTree = "<group>";
		};
		BC42364F29DBE5BB00CB1DC0 /* LaunchScreen.storyboard */ = {
			isa = PBXVariantGroup;
			children = (
				BC42365029DBE5BB00CB1DC0 /* Base */,
			);
			name = LaunchScreen.storyboard;
			sourceTree = "<group>";
		};
/* End PBXVariantGroup section */

/* Begin XCBuildConfiguration section */
		BC42365329DBE5BB00CB1DC0 /* Debug */ = {
			isa = XCBuildConfiguration;
			buildSettings = {
				ALWAYS_SEARCH_USER_PATHS = NO;
				CLANG_ANALYZER_NONNULL = YES;
				CLANG_ANALYZER_NUMBER_OBJECT_CONVERSION = YES_AGGRESSIVE;
				CLANG_CXX_LANGUAGE_STANDARD = "gnu++20";
				CLANG_ENABLE_MODULES = YES;
				CLANG_ENABLE_OBJC_ARC = YES;
				CLANG_ENABLE_OBJC_WEAK = YES;
				CLANG_WARN_BLOCK_CAPTURE_AUTORELEASING = YES;
				CLANG_WARN_BOOL_CONVERSION = YES;
				CLANG_WARN_COMMA = YES;
				CLANG_WARN_CONSTANT_CONVERSION = YES;
				CLANG_WARN_DEPRECATED_OBJC_IMPLEMENTATIONS = YES;
				CLANG_WARN_DIRECT_OBJC_ISA_USAGE = YES_ERROR;
				CLANG_WARN_DOCUMENTATION_COMMENTS = YES;
				CLANG_WARN_EMPTY_BODY = YES;
				CLANG_WARN_ENUM_CONVERSION = YES;
				CLANG_WARN_INFINITE_RECURSION = YES;
				CLANG_WARN_INT_CONVERSION = YES;
				CLANG_WARN_NON_LITERAL_NULL_CONVERSION = YES;
				CLANG_WARN_OBJC_IMPLICIT_RETAIN_SELF = YES;
				CLANG_WARN_OBJC_LITERAL_CONVERSION = YES;
				CLANG_WARN_OBJC_ROOT_CLASS = YES_ERROR;
				CLANG_WARN_QUOTED_INCLUDE_IN_FRAMEWORK_HEADER = YES;
				CLANG_WARN_RANGE_LOOP_ANALYSIS = YES;
				CLANG_WARN_STRICT_PROTOTYPES = YES;
				CLANG_WARN_SUSPICIOUS_MOVE = YES;
				CLANG_WARN_UNGUARDED_AVAILABILITY = YES_AGGRESSIVE;
				CLANG_WARN_UNREACHABLE_CODE = YES;
				CLANG_WARN__DUPLICATE_METHOD_MATCH = YES;
				COPY_PHASE_STRIP = NO;
				DEBUG_INFORMATION_FORMAT = dwarf;
				ENABLE_STRICT_OBJC_MSGSEND = YES;
				ENABLE_TESTABILITY = YES;
				GCC_C_LANGUAGE_STANDARD = gnu11;
				GCC_DYNAMIC_NO_PIC = NO;
				GCC_NO_COMMON_BLOCKS = YES;
				GCC_OPTIMIZATION_LEVEL = 0;
				GCC_PREPROCESSOR_DEFINITIONS = (
					"DEBUG=1",
					"$(inherited)",
				);
				GCC_WARN_64_TO_32_BIT_CONVERSION = YES;
				GCC_WARN_ABOUT_RETURN_TYPE = YES_ERROR;
				GCC_WARN_UNDECLARED_SELECTOR = YES;
				GCC_WARN_UNINITIALIZED_AUTOS = YES_AGGRESSIVE;
				GCC_WARN_UNUSED_FUNCTION = YES;
				GCC_WARN_UNUSED_VARIABLE = YES;
				IPHONEOS_DEPLOYMENT_TARGET = 16.2;
				MTL_ENABLE_DEBUG_INFO = INCLUDE_SOURCE;
				MTL_FAST_MATH = YES;
				ONLY_ACTIVE_ARCH = YES;
				SDKROOT = iphoneos;
				SWIFT_ACTIVE_COMPILATION_CONDITIONS = DEBUG;
				SWIFT_OPTIMIZATION_LEVEL = "-Onone";
			};
			name = Debug;
		};
		BC42365429DBE5BB00CB1DC0 /* Release */ = {
			isa = XCBuildConfiguration;
			buildSettings = {
				ALWAYS_SEARCH_USER_PATHS = NO;
				CLANG_ANALYZER_NONNULL = YES;
				CLANG_ANALYZER_NUMBER_OBJECT_CONVERSION = YES_AGGRESSIVE;
				CLANG_CXX_LANGUAGE_STANDARD = "gnu++20";
				CLANG_ENABLE_MODULES = YES;
				CLANG_ENABLE_OBJC_ARC = YES;
				CLANG_ENABLE_OBJC_WEAK = YES;
				CLANG_WARN_BLOCK_CAPTURE_AUTORELEASING = YES;
				CLANG_WARN_BOOL_CONVERSION = YES;
				CLANG_WARN_COMMA = YES;
				CLANG_WARN_CONSTANT_CONVERSION = YES;
				CLANG_WARN_DEPRECATED_OBJC_IMPLEMENTATIONS = YES;
				CLANG_WARN_DIRECT_OBJC_ISA_USAGE = YES_ERROR;
				CLANG_WARN_DOCUMENTATION_COMMENTS = YES;
				CLANG_WARN_EMPTY_BODY = YES;
				CLANG_WARN_ENUM_CONVERSION = YES;
				CLANG_WARN_INFINITE_RECURSION = YES;
				CLANG_WARN_INT_CONVERSION = YES;
				CLANG_WARN_NON_LITERAL_NULL_CONVERSION = YES;
				CLANG_WARN_OBJC_IMPLICIT_RETAIN_SELF = YES;
				CLANG_WARN_OBJC_LITERAL_CONVERSION = YES;
				CLANG_WARN_OBJC_ROOT_CLASS = YES_ERROR;
				CLANG_WARN_QUOTED_INCLUDE_IN_FRAMEWORK_HEADER = YES;
				CLANG_WARN_RANGE_LOOP_ANALYSIS = YES;
				CLANG_WARN_STRICT_PROTOTYPES = YES;
				CLANG_WARN_SUSPICIOUS_MOVE = YES;
				CLANG_WARN_UNGUARDED_AVAILABILITY = YES_AGGRESSIVE;
				CLANG_WARN_UNREACHABLE_CODE = YES;
				CLANG_WARN__DUPLICATE_METHOD_MATCH = YES;
				COPY_PHASE_STRIP = NO;
				DEBUG_INFORMATION_FORMAT = "dwarf-with-dsym";
				ENABLE_NS_ASSERTIONS = NO;
				ENABLE_STRICT_OBJC_MSGSEND = YES;
				GCC_C_LANGUAGE_STANDARD = gnu11;
				GCC_NO_COMMON_BLOCKS = YES;
				GCC_WARN_64_TO_32_BIT_CONVERSION = YES;
				GCC_WARN_ABOUT_RETURN_TYPE = YES_ERROR;
				GCC_WARN_UNDECLARED_SELECTOR = YES;
				GCC_WARN_UNINITIALIZED_AUTOS = YES_AGGRESSIVE;
				GCC_WARN_UNUSED_FUNCTION = YES;
				GCC_WARN_UNUSED_VARIABLE = YES;
				IPHONEOS_DEPLOYMENT_TARGET = 16.2;
				MTL_ENABLE_DEBUG_INFO = NO;
				MTL_FAST_MATH = YES;
				SDKROOT = iphoneos;
				SWIFT_COMPILATION_MODE = wholemodule;
				SWIFT_OPTIMIZATION_LEVEL = "-O";
				VALIDATE_PRODUCT = YES;
			};
			name = Release;
		};
		BC42365629DBE5BB00CB1DC0 /* Debug */ = {
			isa = XCBuildConfiguration;
			buildSettings = {
				ASSETCATALOG_COMPILER_APPICON_NAME = AppIcon;
				ASSETCATALOG_COMPILER_GLOBAL_ACCENT_COLOR_NAME = AccentColor;
				CODE_SIGN_ENTITLEMENTS = DemoApp/DemoApp.entitlements;
				CODE_SIGN_STYLE = Automatic;
				CURRENT_PROJECT_VERSION = 1;
				GENERATE_INFOPLIST_FILE = YES;
				INFOPLIST_FILE = DemoApp/Info.plist;
				INFOPLIST_KEY_UIApplicationSupportsIndirectInputEvents = YES;
				INFOPLIST_KEY_UILaunchStoryboardName = "";
				INFOPLIST_KEY_UIMainStoryboardFile = Main;
				INFOPLIST_KEY_UISupportedInterfaceOrientations_iPad = "UIInterfaceOrientationPortrait UIInterfaceOrientationPortraitUpsideDown UIInterfaceOrientationLandscapeLeft UIInterfaceOrientationLandscapeRight";
				INFOPLIST_KEY_UISupportedInterfaceOrientations_iPhone = "UIInterfaceOrientationPortrait UIInterfaceOrientationLandscapeLeft UIInterfaceOrientationLandscapeRight";
				LD_RUNPATH_SEARCH_PATHS = (
					"$(inherited)",
					"@executable_path/Frameworks",
				);
				MARKETING_VERSION = 1.0;
				PRODUCT_BUNDLE_IDENTIFIER = com.example.DemoApp;
				PRODUCT_NAME = "$(TARGET_NAME)";
				SWIFT_EMIT_LOC_STRINGS = YES;
				SWIFT_VERSION = 5.0;
				TARGETED_DEVICE_FAMILY = "1,2";
			};
			name = Debug;
		};
		BC42365729DBE5BB00CB1DC0 /* Release */ = {
			isa = XCBuildConfiguration;
			buildSettings = {
				ASSETCATALOG_COMPILER_APPICON_NAME = AppIcon;
				ASSETCATALOG_COMPILER_GLOBAL_ACCENT_COLOR_NAME = AccentColor;
				CODE_SIGN_ENTITLEMENTS = DemoApp/DemoApp.entitlements;
				CODE_SIGN_STYLE = Automatic;
				CURRENT_PROJECT_VERSION = 1;
				GENERATE_INFOPLIST_FILE = YES;
				INFOPLIST_FILE = DemoApp/Info.plist;
				INFOPLIST_KEY_UIApplicationSupportsIndirectInputEvents = YES;
				INFOPLIST_KEY_UILaunchStoryboardName = "";
				INFOPLIST_KEY_UIMainStoryboardFile = Main;
				INFOPLIST_KEY_UISupportedInterfaceOrientations_iPad = "UIInterfaceOrientationPortrait UIInterfaceOrientationPortraitUpsideDown UIInterfaceOrientationLandscapeLeft UIInterfaceOrientationLandscapeRight";
				INFOPLIST_KEY_UISupportedInterfaceOrientations_iPhone = "UIInterfaceOrientationPortrait UIInterfaceOrientationLandscapeLeft UIInterfaceOrientationLandscapeRight";
				LD_RUNPATH_SEARCH_PATHS = (
					"$(inherited)",
					"@executable_path/Frameworks",
				);
				MARKETING_VERSION = 1.0;
				PRODUCT_BUNDLE_IDENTIFIER = com.example.DemoApp;
				PRODUCT_NAME = "$(TARGET_NAME)";
				SWIFT_EMIT_LOC_STRINGS = YES;
				SWIFT_VERSION = 5.0;
				TARGETED_DEVICE_FAMILY = "1,2";
			};
			name = Release;
		};
/* End XCBuildConfiguration section */

/* Begin XCConfigurationList section */
		BC42363C29DBE5BA00CB1DC0 /* Build configuration list for PBXProject "DemoApp" */ = {
			isa = XCConfigurationList;
			buildConfigurations = (
				BC42365329DBE5BB00CB1DC0 /* Debug */,
				BC42365429DBE5BB00CB1DC0 /* Release */,
			);
			defaultConfigurationIsVisible = 0;
			defaultConfigurationName = Release;
		};
		BC42365529DBE5BB00CB1DC0 /* Build configuration list for PBXNativeTarget "DemoApp" */ = {
			isa = XCConfigurationList;
			buildConfigurations = (
				BC42365629DBE5BB00CB1DC0 /* Debug */,
				BC42365729DBE5BB00CB1DC0 /* Release */,
			);
			defaultConfigurationIsVisible = 0;
			defaultConfigurationName = Release;
		};
/* End XCConfigurationList section */

/* Begin XCRemoteSwiftPackageReference section */
		BC02020E2A176ADC0027B170 /* XCRemoteSwiftPackageReference "UIView-Borders-Swift" */ = {
			isa = XCRemoteSwiftPackageReference;
			repositoryURL = "https://github.com/aaronn/UIView-Borders-Swift";
			requirement = {
				kind = upToNextMajorVersion;
				minimumVersion = 1.0.0;
			};
		};
		BC7F3C7D29F2A56A001ABCE7 /* XCRemoteSwiftPackageReference "SPIndicator" */ = {
			isa = XCRemoteSwiftPackageReference;
			repositoryURL = "https://github.com/ivanvorobei/SPIndicator";
			requirement = {
				kind = upToNextMajorVersion;
				minimumVersion = 1.0.0;
			};
		};
		BCD3410F29FFDF7300AFA19A /* XCRemoteSwiftPackageReference "SDWebImage" */ = {
			isa = XCRemoteSwiftPackageReference;
			repositoryURL = "https://github.com/SDWebImage/SDWebImage";
			requirement = {
				kind = upToNextMajorVersion;
				minimumVersion = 5.0.0;
			};
		};
/* End XCRemoteSwiftPackageReference section */

/* Begin XCSwiftPackageProductDependency section */
		BC7F3C7E29F2A56A001ABCE7 /* SPIndicator */ = {
			isa = XCSwiftPackageProductDependency;
			package = BC7F3C7D29F2A56A001ABCE7 /* XCRemoteSwiftPackageReference "SPIndicator" */;
			productName = SPIndicator;
		};
		BCD3411029FFDF7300AFA19A /* SDWebImage */ = {
			isa = XCSwiftPackageProductDependency;
			package = BCD3410F29FFDF7300AFA19A /* XCRemoteSwiftPackageReference "SDWebImage" */;
			productName = SDWebImage;
		};
/* End XCSwiftPackageProductDependency section */
	};
	rootObject = BC42363929DBE5BA00CB1DC0 /* Project object */;
}
