{
  "pins" : [
    {
      "identity" : "sdwebimage",
      "kind" : "remoteSourceControl",
      "location" : "https://github.com/SDWebImage/SDWebImage",
      "state" : {
        "revision" : "7f9fb5d43ecd4aa714c00746f54873f354403438",
        "version" : "5.15.8"
      }
    },
    {
      "identity" : "spindicator",
      "kind" : "remoteSourceControl",
      "location" : "https://github.com/ivanvorobei/SPIndicator",
      "state" : {
        "revision" : "e8a045f91757b32bb29c6feff1644ef79c8daedf",
        "version" : "1.6.5"
      }
    },
    {
      "identity" : "uiview-borders-swift",
      "kind" : "remoteSourceControl",
      "location" : "https://github.com/aaronn/UIView-Borders-Swift",
      "state" : {
        "revision" : "f7496f79c92134952cb692ad1faa147805f6048d",
        "version" : "1.2.0"
      }
    }
  ],
  "version" : 2
}
