// !$*UTF8*$!
{
	archiveVersion = 1;
	classes = {
	};
	objectVersion = 56;
	objects = {

/* Begin PBXBuildFile section */
		BC4126FC29BEDC8B00C332AF /* AppDelegate.swift in Sources */ = {isa = PBXBuildFile; fileRef = BC4126FB29BEDC8B00C332AF /* AppDelegate.swift */; };
		BC4126FE29BEDC8B00C332AF /* SceneDelegate.swift in Sources */ = {isa = PBXBuildFile; fileRef = BC4126FD29BEDC8B00C332AF /* SceneDelegate.swift */; };
		BC41270029BEDC8B00C332AF /* ViewController.swift in Sources */ = {isa = PBXBuildFile; fileRef = BC4126FF29BEDC8B00C332AF /* ViewController.swift */; };
		BC41270329BEDC8B00C332AF /* Main.storyboard in Resources */ = {isa = PBXBuildFile; fileRef = BC41270129BEDC8B00C332AF /* Main.storyboard */; };
		BC41270529BEDC8C00C332AF /* Assets.xcassets in Resources */ = {isa = PBXBuildFile; fileRef = BC41270429BEDC8C00C332AF /* Assets.xcassets */; };
		BC41270829BEDC8C00C332AF /* LaunchScreen.storyboard in Resources */ = {isa = PBXBuildFile; fileRef = BC41270629BEDC8C00C332AF /* LaunchScreen.storyboard */; };
		BC41271029BEDD6A00C332AF /* CustomView.swift in Sources */ = {isa = PBXBuildFile; fileRef = BC41270F29BEDD6A00C332AF /* CustomView.swift */; };
		BC41271229BEDE8300C332AF /* CustomView.xib in Resources */ = {isa = PBXBuildFile; fileRef = BC41271129BEDE8300C332AF /* CustomView.xib */; };
		BC41271429BF0EE200C332AF /* ColorAViewController.swift in Sources */ = {isa = PBXBuildFile; fileRef = BC41271329BF0EE200C332AF /* ColorAViewController.swift */; };
		BC41271629BF10CD00C332AF /* ColorBViewController.swift in Sources */ = {isa = PBXBuildFile; fileRef = BC41271529BF10CD00C332AF /* ColorBViewController.swift */; };
/* End PBXBuildFile section */

/* Begin PBXFileReference section */
		BC4126F829BEDC8B00C332AF /* DelegateExample.app */ = {isa = PBXFileReference; explicitFileType = wrapper.application; includeInIndex = 0; path = DelegateExample.app; sourceTree = BUILT_PRODUCTS_DIR; };
		BC4126FB29BEDC8B00C332AF /* AppDelegate.swift */ = {isa = PBXFileReference; lastKnownFileType = sourcecode.swift; path = AppDelegate.swift; sourceTree = "<group>"; };
		BC4126FD29BEDC8B00C332AF /* SceneDelegate.swift */ = {isa = PBXFileReference; lastKnownFileType = sourcecode.swift; path = SceneDelegate.swift; sourceTree = "<group>"; };
		BC4126FF29BEDC8B00C332AF /* ViewController.swift */ = {isa = PBXFileReference; lastKnownFileType = sourcecode.swift; path = ViewController.swift; sourceTree = "<group>"; };
		BC41270229BEDC8B00C332AF /* Base */ = {isa = PBXFileReference; lastKnownFileType = file.storyboard; name = Base; path = Base.lproj/Main.storyboard; sourceTree = "<group>"; };
		BC41270429BEDC8C00C332AF /* Assets.xcassets */ = {isa = PBXFileReference; lastKnownFileType = folder.assetcatalog; path = Assets.xcassets; sourceTree = "<group>"; };
		BC41270729BEDC8C00C332AF /* Base */ = {isa = PBXFileReference; lastKnownFileType = file.storyboard; name = Base; path = Base.lproj/LaunchScreen.storyboard; sourceTree = "<group>"; };
		BC41270929BEDC8C00C332AF /* Info.plist */ = {isa = PBXFileReference; lastKnownFileType = text.plist.xml; path = Info.plist; sourceTree = "<group>"; };
		BC41270F29BEDD6A00C332AF /* CustomView.swift */ = {isa = PBXFileReference; lastKnownFileType = sourcecode.swift; path = CustomView.swift; sourceTree = "<group>"; };
		BC41271129BEDE8300C332AF /* CustomView.xib */ = {isa = PBXFileReference; lastKnownFileType = file.xib; path = CustomView.xib; sourceTree = "<group>"; };
		BC41271329BF0EE200C332AF /* ColorAViewController.swift */ = {isa = PBXFileReference; lastKnownFileType = sourcecode.swift; path = ColorAViewController.swift; sourceTree = "<group>"; };
		BC41271529BF10CD00C332AF /* ColorBViewController.swift */ = {isa = PBXFileReference; lastKnownFileType = sourcecode.swift; path = ColorBViewController.swift; sourceTree = "<group>"; };
/* End PBXFileReference section */

/* Begin PBXFrameworksBuildPhase section */
		BC4126F529BEDC8B00C332AF /* Frameworks */ = {
			isa = PBXFrameworksBuildPhase;
			buildActionMask = 2147483647;
			files = (
			);
			runOnlyForDeploymentPostprocessing = 0;
		};
/* End PBXFrameworksBuildPhase section */

/* Begin PBXGroup section */
		BC4126EF29BEDC8A00C332AF = {
			isa = PBXGroup;
			children = (
				BC4126FA29BEDC8B00C332AF /* DelegateExample */,
				BC4126F929BEDC8B00C332AF /* Products */,
			);
			sourceTree = "<group>";
		};
		BC4126F929BEDC8B00C332AF /* Products */ = {
			isa = PBXGroup;
			children = (
				BC4126F829BEDC8B00C332AF /* DelegateExample.app */,
			);
			name = Products;
			sourceTree = "<group>";
		};
		BC4126FA29BEDC8B00C332AF /* DelegateExample */ = {
			isa = PBXGroup;
			children = (
				BC41271529BF10CD00C332AF /* ColorBViewController.swift */,
				BC4126FB29BEDC8B00C332AF /* AppDelegate.swift */,
				BC4126FD29BEDC8B00C332AF /* SceneDelegate.swift */,
				BC4126FF29BEDC8B00C332AF /* ViewController.swift */,
				BC41270129BEDC8B00C332AF /* Main.storyboard */,
				BC41271329BF0EE200C332AF /* ColorAViewController.swift */,
				BC41270429BEDC8C00C332AF /* Assets.xcassets */,
				BC41270629BEDC8C00C332AF /* LaunchScreen.storyboard */,
				BC41270929BEDC8C00C332AF /* Info.plist */,
				BC41270F29BEDD6A00C332AF /* CustomView.swift */,
				BC41271129BEDE8300C332AF /* CustomView.xib */,
			);
			path = DelegateExample;
			sourceTree = "<group>";
		};
/* End PBXGroup section */

/* Begin PBXNativeTarget section */
		BC4126F729BEDC8B00C332AF /* DelegateExample */ = {
			isa = PBXNativeTarget;
			buildConfigurationList = BC41270C29BEDC8C00C332AF /* Build configuration list for PBXNativeTarget "DelegateExample" */;
			buildPhases = (
				BC4126F429BEDC8B00C332AF /* Sources */,
				BC4126F529BEDC8B00C332AF /* Frameworks */,
				BC4126F629BEDC8B00C332AF /* Resources */,
			);
			buildRules = (
			);
			dependencies = (
			);
			name = DelegateExample;
			productName = DelegateExample;
			productReference = BC4126F829BEDC8B00C332AF /* DelegateExample.app */;
			productType = "com.apple.product-type.application";
		};
/* End PBXNativeTarget section */

/* Begin PBXProject section */
		BC4126F029BEDC8A00C332AF /* Project object */ = {
			isa = PBXProject;
			attributes = {
				BuildIndependentTargetsInParallel = 1;
				LastSwiftUpdateCheck = 1420;
				LastUpgradeCheck = 1420;
				TargetAttributes = {
					BC4126F729BEDC8B00C332AF = {
						CreatedOnToolsVersion = 14.2;
					};
				};
			};
			buildConfigurationList = BC4126F329BEDC8A00C332AF /* Build configuration list for PBXProject "DelegateExample" */;
			compatibilityVersion = "Xcode 14.0";
			developmentRegion = en;
			hasScannedForEncodings = 0;
			knownRegions = (
				en,
				Base,
			);
			mainGroup = BC4126EF29BEDC8A00C332AF;
			productRefGroup = BC4126F929BEDC8B00C332AF /* Products */;
			projectDirPath = "";
			projectRoot = "";
			targets = (
				BC4126F729BEDC8B00C332AF /* DelegateExample */,
			);
		};
/* End PBXProject section */

/* Begin PBXResourcesBuildPhase section */
		BC4126F629BEDC8B00C332AF /* Resources */ = {
			isa = PBXResourcesBuildPhase;
			buildActionMask = 2147483647;
			files = (
				BC41270829BEDC8C00C332AF /* LaunchScreen.storyboard in Resources */,
				BC41271229BEDE8300C332AF /* CustomView.xib in Resources */,
				BC41270529BEDC8C00C332AF /* Assets.xcassets in Resources */,
				BC41270329BEDC8B00C332AF /* Main.storyboard in Resources */,
			);
			runOnlyForDeploymentPostprocessing = 0;
		};
/* End PBXResourcesBuildPhase section */

/* Begin PBXSourcesBuildPhase section */
		BC4126F429BEDC8B00C332AF /* Sources */ = {
			isa = PBXSourcesBuildPhase;
			buildActionMask = 2147483647;
			files = (
				BC41270029BEDC8B00C332AF /* ViewController.swift in Sources */,
				BC41271029BEDD6A00C332AF /* CustomView.swift in Sources */,
				BC4126FC29BEDC8B00C332AF /* AppDelegate.swift in Sources */,
				BC41271429BF0EE200C332AF /* ColorAViewController.swift in Sources */,
				BC4126FE29BEDC8B00C332AF /* SceneDelegate.swift in Sources */,
				BC41271629BF10CD00C332AF /* ColorBViewController.swift in Sources */,
			);
			runOnlyForDeploymentPostprocessing = 0;
		};
/* End PBXSourcesBuildPhase section */

/* Begin PBXVariantGroup section */
		BC41270129BEDC8B00C332AF /* Main.storyboard */ = {
			isa = PBXVariantGroup;
			children = (
				BC41270229BEDC8B00C332AF /* Base */,
			);
			name = Main.storyboard;
			sourceTree = "<group>";
		};
		BC41270629BEDC8C00C332AF /* LaunchScreen.storyboard */ = {
			isa = PBXVariantGroup;
			children = (
				BC41270729BEDC8C00C332AF /* Base */,
			);
			name = LaunchScreen.storyboard;
			sourceTree = "<group>";
		};
/* End PBXVariantGroup section */

/* Begin XCBuildConfiguration section */
		BC41270A29BEDC8C00C332AF /* Debug */ = {
			isa = XCBuildConfiguration;
			buildSettings = {
				ALWAYS_SEARCH_USER_PATHS = NO;
				CLANG_ANALYZER_NONNULL = YES;
				CLANG_ANALYZER_NUMBER_OBJECT_CONVERSION = YES_AGGRESSIVE;
				CLANG_CXX_LANGUAGE_STANDARD = "gnu++20";
				CLANG_ENABLE_MODULES = YES;
				CLANG_ENABLE_OBJC_ARC = YES;
				CLANG_ENABLE_OBJC_WEAK = YES;
				CLANG_WARN_BLOCK_CAPTURE_AUTORELEASING = YES;
				CLANG_WARN_BOOL_CONVERSION = YES;
				CLANG_WARN_COMMA = YES;
				CLANG_WARN_CONSTANT_CONVERSION = YES;
				CLANG_WARN_DEPRECATED_OBJC_IMPLEMENTATIONS = YES;
				CLANG_WARN_DIRECT_OBJC_ISA_USAGE = YES_ERROR;
				CLANG_WARN_DOCUMENTATION_COMMENTS = YES;
				CLANG_WARN_EMPTY_BODY = YES;
				CLANG_WARN_ENUM_CONVERSION = YES;
				CLANG_WARN_INFINITE_RECURSION = YES;
				CLANG_WARN_INT_CONVERSION = YES;
				CLANG_WARN_NON_LITERAL_NULL_CONVERSION = YES;
				CLANG_WARN_OBJC_IMPLICIT_RETAIN_SELF = YES;
				CLANG_WARN_OBJC_LITERAL_CONVERSION = YES;
				CLANG_WARN_OBJC_ROOT_CLASS = YES_ERROR;
				CLANG_WARN_QUOTED_INCLUDE_IN_FRAMEWORK_HEADER = YES;
				CLANG_WARN_RANGE_LOOP_ANALYSIS = YES;
				CLANG_WARN_STRICT_PROTOTYPES = YES;
				CLANG_WARN_SUSPICIOUS_MOVE = YES;
				CLANG_WARN_UNGUARDED_AVAILABILITY = YES_AGGRESSIVE;
				CLANG_WARN_UNREACHABLE_CODE = YES;
				CLANG_WARN__DUPLICATE_METHOD_MATCH = YES;
				COPY_PHASE_STRIP = NO;
				DEBUG_INFORMATION_FORMAT = dwarf;
				ENABLE_STRICT_OBJC_MSGSEND = YES;
				ENABLE_TESTABILITY = YES;
				GCC_C_LANGUAGE_STANDARD = gnu11;
				GCC_DYNAMIC_NO_PIC = NO;
				GCC_NO_COMMON_BLOCKS = YES;
				GCC_OPTIMIZATION_LEVEL = 0;
				GCC_PREPROCESSOR_DEFINITIONS = (
					"DEBUG=1",
					"$(inherited)",
				);
				GCC_WARN_64_TO_32_BIT_CONVERSION = YES;
				GCC_WARN_ABOUT_RETURN_TYPE = YES_ERROR;
				GCC_WARN_UNDECLARED_SELECTOR = YES;
				GCC_WARN_UNINITIALIZED_AUTOS = YES_AGGRESSIVE;
				GCC_WARN_UNUSED_FUNCTION = YES;
				GCC_WARN_UNUSED_VARIABLE = YES;
				IPHONEOS_DEPLOYMENT_TARGET = 16.2;
				MTL_ENABLE_DEBUG_INFO = INCLUDE_SOURCE;
				MTL_FAST_MATH = YES;
				ONLY_ACTIVE_ARCH = YES;
				SDKROOT = iphoneos;
				SWIFT_ACTIVE_COMPILATION_CONDITIONS = DEBUG;
				SWIFT_OPTIMIZATION_LEVEL = "-Onone";
			};
			name = Debug;
		};
		BC41270B29BEDC8C00C332AF /* Release */ = {
			isa = XCBuildConfiguration;
			buildSettings = {
				ALWAYS_SEARCH_USER_PATHS = NO;
				CLANG_ANALYZER_NONNULL = YES;
				CLANG_ANALYZER_NUMBER_OBJECT_CONVERSION = YES_AGGRESSIVE;
				CLANG_CXX_LANGUAGE_STANDARD = "gnu++20";
				CLANG_ENABLE_MODULES = YES;
				CLANG_ENABLE_OBJC_ARC = YES;
				CLANG_ENABLE_OBJC_WEAK = YES;
				CLANG_WARN_BLOCK_CAPTURE_AUTORELEASING = YES;
				CLANG_WARN_BOOL_CONVERSION = YES;
				CLANG_WARN_COMMA = YES;
				CLANG_WARN_CONSTANT_CONVERSION = YES;
				CLANG_WARN_DEPRECATED_OBJC_IMPLEMENTATIONS = YES;
				CLANG_WARN_DIRECT_OBJC_ISA_USAGE = YES_ERROR;
				CLANG_WARN_DOCUMENTATION_COMMENTS = YES;
				CLANG_WARN_EMPTY_BODY = YES;
				CLANG_WARN_ENUM_CONVERSION = YES;
				CLANG_WARN_INFINITE_RECURSION = YES;
				CLANG_WARN_INT_CONVERSION = YES;
				CLANG_WARN_NON_LITERAL_NULL_CONVERSION = YES;
				CLANG_WARN_OBJC_IMPLICIT_RETAIN_SELF = YES;
				CLANG_WARN_OBJC_LITERAL_CONVERSION = YES;
				CLANG_WARN_OBJC_ROOT_CLASS = YES_ERROR;
				CLANG_WARN_QUOTED_INCLUDE_IN_FRAMEWORK_HEADER = YES;
				CLANG_WARN_RANGE_LOOP_ANALYSIS = YES;
				CLANG_WARN_STRICT_PROTOTYPES = YES;
				CLANG_WARN_SUSPICIOUS_MOVE = YES;
				CLANG_WARN_UNGUARDED_AVAILABILITY = YES_AGGRESSIVE;
				CLANG_WARN_UNREACHABLE_CODE = YES;
				CLANG_WARN__DUPLICATE_METHOD_MATCH = YES;
				COPY_PHASE_STRIP = NO;
				DEBUG_INFORMATION_FORMAT = "dwarf-with-dsym";
				ENABLE_NS_ASSERTIONS = NO;
				ENABLE_STRICT_OBJC_MSGSEND = YES;
				GCC_C_LANGUAGE_STANDARD = gnu11;
				GCC_NO_COMMON_BLOCKS = YES;
				GCC_WARN_64_TO_32_BIT_CONVERSION = YES;
				GCC_WARN_ABOUT_RETURN_TYPE = YES_ERROR;
				GCC_WARN_UNDECLARED_SELECTOR = YES;
				GCC_WARN_UNINITIALIZED_AUTOS = YES_AGGRESSIVE;
				GCC_WARN_UNUSED_FUNCTION = YES;
				GCC_WARN_UNUSED_VARIABLE = YES;
				IPHONEOS_DEPLOYMENT_TARGET = 16.2;
				MTL_ENABLE_DEBUG_INFO = NO;
				MTL_FAST_MATH = YES;
				SDKROOT = iphoneos;
				SWIFT_COMPILATION_MODE = wholemodule;
				SWIFT_OPTIMIZATION_LEVEL = "-O";
				VALIDATE_PRODUCT = YES;
			};
			name = Release;
		};
		BC41270D29BEDC8C00C332AF /* Debug */ = {
			isa = XCBuildConfiguration;
			buildSettings = {
				ASSETCATALOG_COMPILER_APPICON_NAME = AppIcon;
				ASSETCATALOG_COMPILER_GLOBAL_ACCENT_COLOR_NAME = AccentColor;
				CODE_SIGN_STYLE = Automatic;
				CURRENT_PROJECT_VERSION = 1;
				GENERATE_INFOPLIST_FILE = YES;
				INFOPLIST_FILE = DelegateExample/Info.plist;
				INFOPLIST_KEY_UIApplicationSupportsIndirectInputEvents = YES;
				INFOPLIST_KEY_UILaunchStoryboardName = LaunchScreen;
				INFOPLIST_KEY_UIMainStoryboardFile = Main;
				INFOPLIST_KEY_UISupportedInterfaceOrientations_iPad = "UIInterfaceOrientationPortrait UIInterfaceOrientationPortraitUpsideDown UIInterfaceOrientationLandscapeLeft UIInterfaceOrientationLandscapeRight";
				INFOPLIST_KEY_UISupportedInterfaceOrientations_iPhone = "UIInterfaceOrientationPortrait UIInterfaceOrientationLandscapeLeft UIInterfaceOrientationLandscapeRight";
				LD_RUNPATH_SEARCH_PATHS = (
					"$(inherited)",
					"@executable_path/Frameworks",
				);
				MARKETING_VERSION = 1.0;
				PRODUCT_BUNDLE_IDENTIFIER = com.example.DelegateExample;
				PRODUCT_NAME = "$(TARGET_NAME)";
				SWIFT_EMIT_LOC_STRINGS = YES;
				SWIFT_VERSION = 5.0;
				TARGETED_DEVICE_FAMILY = "1,2";
			};
			name = Debug;
		};
		BC41270E29BEDC8C00C332AF /* Release */ = {
			isa = XCBuildConfiguration;
			buildSettings = {
				ASSETCATALOG_COMPILER_APPICON_NAME = AppIcon;
				ASSETCATALOG_COMPILER_GLOBAL_ACCENT_COLOR_NAME = AccentColor;
				CODE_SIGN_STYLE = Automatic;
				CURRENT_PROJECT_VERSION = 1;
				GENERATE_INFOPLIST_FILE = YES;
				INFOPLIST_FILE = DelegateExample/Info.plist;
				INFOPLIST_KEY_UIApplicationSupportsIndirectInputEvents = YES;
				INFOPLIST_KEY_UILaunchStoryboardName = LaunchScreen;
				INFOPLIST_KEY_UIMainStoryboardFile = Main;
				INFOPLIST_KEY_UISupportedInterfaceOrientations_iPad = "UIInterfaceOrientationPortrait UIInterfaceOrientationPortraitUpsideDown UIInterfaceOrientationLandscapeLeft UIInterfaceOrientationLandscapeRight";
				INFOPLIST_KEY_UISupportedInterfaceOrientations_iPhone = "UIInterfaceOrientationPortrait UIInterfaceOrientationLandscapeLeft UIInterfaceOrientationLandscapeRight";
				LD_RUNPATH_SEARCH_PATHS = (
					"$(inherited)",
					"@executable_path/Frameworks",
				);
				MARKETING_VERSION = 1.0;
				PRODUCT_BUNDLE_IDENTIFIER = com.example.DelegateExample;
				PRODUCT_NAME = "$(TARGET_NAME)";
				SWIFT_EMIT_LOC_STRINGS = YES;
				SWIFT_VERSION = 5.0;
				TARGETED_DEVICE_FAMILY = "1,2";
			};
			name = Release;
		};
/* End XCBuildConfiguration section */

/* Begin XCConfigurationList section */
		BC4126F329BEDC8A00C332AF /* Build configuration list for PBXProject "DelegateExample" */ = {
			isa = XCConfigurationList;
			buildConfigurations = (
				BC41270A29BEDC8C00C332AF /* Debug */,
				BC41270B29BEDC8C00C332AF /* Release */,
			);
			defaultConfigurationIsVisible = 0;
			defaultConfigurationName = Release;
		};
		BC41270C29BEDC8C00C332AF /* Build configuration list for PBXNativeTarget "DelegateExample" */ = {
			isa = XCConfigurationList;
			buildConfigurations = (
				BC41270D29BEDC8C00C332AF /* Debug */,
				BC41270E29BEDC8C00C332AF /* Release */,
			);
			defaultConfigurationIsVisible = 0;
			defaultConfigurationName = Release;
		};
/* End XCConfigurationList section */
	};
	rootObject = BC4126F029BEDC8A00C332AF /* Project object */;
}
